// !$*UTF8*$!
{
	archiveVersion = 1;
	classes = {
	};
	objectVersion = 46;
	objects = {

/* Begin PBXAggregateTarget section */
		FB3FACA17199A0E3B9D35A04 /* RISE&FALL - All */ = {
			isa = PBXAggregateTarget;
			buildConfigurationList = CAEEAC45B1865DB9C58B2EEC /* Build configuration list for PBXAggregateTarget "RISE&FALL - All" */;
			buildPhases = (
			);
			dependencies = (
				29FA8B9EC12413AD7F3E15AC /* PBXTargetDependency */,
				6782CB1F3CE5ECC54C0BE30B /* PBXTargetDependency */,
				A1158279707365CCD728960A /* PBXTargetDependency */,
				556B24AD1E5555DAD10EC51A /* PBXTargetDependency */,
				130F5BDBA622AD4209DBA69F /* PBXTargetDependency */,
			);
			name = "RISE&FALL - All";
			productName = "RISE&FALL";
		};
/* End PBXAggregateTarget section */

/* Begin PBXBuildFile section */
		00AE8DE4C3F91CC911E053CC /* WebKit.framework in Frameworks */ = {isa = PBXBuildFile; fileRef = 54AFA9634F652F66C3A168D2 /* WebKit.framework */; };
		0662F0993C824FFDBBBAE8C1 /* Cocoa.framework in Frameworks */ = {isa = PBXBuildFile; fileRef = E7C6918D26A3F53CAB5733AA /* Cocoa.framework */; };
		0A0F2AE248AD541C024CEFF8 /* include_juce_audio_plugin_client_Standalone.cpp in Sources */ = {isa = PBXBuildFile; fileRef = 57D4C55EF95983E07E8C193F /* include_juce_audio_plugin_client_Standalone.cpp */; };
		101CC6E001293D38EC83DB76 /* include_juce_audio_plugin_client_VST_utils.mm in Sources */ = {isa = PBXBuildFile; fileRef = D84F24981431542CCABC3C52 /* include_juce_audio_plugin_client_VST_utils.mm */; };
		2380EFBD5FFF4C5BD0510C12 /* AVKit.framework in Frameworks */ = {isa = PBXBuildFile; fileRef = CB63DA85C5DCE55EA4403D10 /* AVKit.framework */; };
		2A0DF1FDEACE62370C14EE1A /* CoreMIDI.framework in Frameworks */ = {isa = PBXBuildFile; fileRef = 63DDFA663CBF621A09044DBA /* CoreMIDI.framework */; };
		2B94D51AC14A110520917C11 /* OpenGL.framework in Frameworks */ = {isa = PBXBuildFile; fileRef = B77D023407DB6DE8AAE59290 /* OpenGL.framework */; };
		30235B6C36C526D1F6154C3E /* include_juce_audio_plugin_client_VST2.cpp in Sources */ = {isa = PBXBuildFile; fileRef = 9A0A1DB43DE240872570D213 /* include_juce_audio_plugin_client_VST2.cpp */; };
		475FBE6CDF1C11922F3021DA /* include_juce_opengl.mm in Sources */ = {isa = PBXBuildFile; fileRef = CA46591ED3C7003EB2E590FE /* include_juce_opengl.mm */; };
		4F04E77966F9EA1152C43550 /* include_juce_audio_devices.mm in Sources */ = {isa = PBXBuildFile; fileRef = 84622EB1EF0342D319446763 /* include_juce_audio_devices.mm */; };
		5E333CEFE9CDDF018E976598 /* include_juce_audio_plugin_client_AU.r in Rez */ = {isa = PBXBuildFile; fileRef = 9DDB68A8FF8806A499A4B2DA /* include_juce_audio_plugin_client_AU.r */; };
		61BD176816B6B31AAD949622 /* include_juce_gui_basics.mm in Sources */ = {isa = PBXBuildFile; fileRef = 6C6E72B7E409CE79FDC6E7B6 /* include_juce_gui_basics.mm */; };
		65B242A84FF50C39F0CEC5BA /* include_juce_events.mm in Sources */ = {isa = PBXBuildFile; fileRef = D067C1BE329B2B06FEAB566A /* include_juce_events.mm */; };
		65BA54AAD3DFF7E84C5B861D /* CoreAudio.framework in Frameworks */ = {isa = PBXBuildFile; fileRef = 6DDA1CF819AC6EFBD02E8790 /* CoreAudio.framework */; };
		675399A33E5E8BB7B2CCF8F2 /* include_juce_gui_extra.mm in Sources */ = {isa = PBXBuildFile; fileRef = B089A67B468BE0E0F8FBE11C /* include_juce_gui_extra.mm */; };
		677A6E7F6356BFFCEA0F9C0A /* CoreAudioKit.framework in Frameworks */ = {isa = PBXBuildFile; fileRef = 0D73513BB8AE94A937339459 /* CoreAudioKit.framework */; };
		6B54AE266961EC4DD0CCB49E /* RecentFilesMenuTemplate.nib in Resources */ = {isa = PBXBuildFile; fileRef = 774809EF06F096043F8CDC8D /* RecentFilesMenuTemplate.nib */; };
		73E25766B99FAD069A4DA06D /* include_juce_audio_utils.mm in Sources */ = {isa = PBXBuildFile; fileRef = D781D6C103C3A54E8C5B65A2 /* include_juce_audio_utils.mm */; };
		746A7FA4621DF81A28F1AFA5 /* include_juce_video.mm in Sources */ = {isa = PBXBuildFile; fileRef = 7C94C4B1AF9D75EEC4F25FF8 /* include_juce_video.mm */; };
		75AD762367D5F773CED8F68C /* include_juce_audio_plugin_client_utils.cpp in Sources */ = {isa = PBXBuildFile; fileRef = 5EC0A784A78961B7582008BF /* include_juce_audio_plugin_client_utils.cpp */; };
		77C21FF0BC5A8927409E920B /* background.png in Sources */ = {isa = PBXBuildFile; fileRef = D4B84C3E9BC2283D4D96C807 /* background.png */; };
		7C97A409181D0191B607A486 /* AudioToolbox.framework in Frameworks */ = {isa = PBXBuildFile; fileRef = CEBBE8EA4E57B22AAD317B06 /* AudioToolbox.framework */; };
		7E13E4D3C58EB950B6C14915 /* include_juce_core.mm in Sources */ = {isa = PBXBuildFile; fileRef = DC09B7D14A63D8AAA6567557 /* include_juce_core.mm */; };
		82C397A98067A501BC8D7A7D /* QuartzCore.framework in Frameworks */ = {isa = PBXBuildFile; fileRef = 8E1839C0D8D88D6DAB888DAF /* QuartzCore.framework */; };
		84C423D93EA2715D64F78659 /* AVFoundation.framework in Frameworks */ = {isa = PBXBuildFile; fileRef = 2B46D6192D740D6A0BC5AE0F /* AVFoundation.framework */; };
		8B730D63E892CC9B49E7B07A /* include_juce_audio_formats.mm in Sources */ = {isa = PBXBuildFile; fileRef = 567B6762F58BD7909CAF2DE2 /* include_juce_audio_formats.mm */; };
		8C2B82421FEDD05E000806D6 /* RecentFilesMenuTemplate.nib in Resources */ = {isa = PBXBuildFile; fileRef = 774809EF06F096043F8CDC8D /* RecentFilesMenuTemplate.nib */; };
		8C2B82431FEDD05E000806D6 /* Accelerate.framework in Frameworks */ = {isa = PBXBuildFile; fileRef = 6A02FFC8C5ECA89544B68ADB /* Accelerate.framework */; };
		8C2B82441FEDD05E000806D6 /* AudioToolbox.framework in Frameworks */ = {isa = PBXBuildFile; fileRef = CEBBE8EA4E57B22AAD317B06 /* AudioToolbox.framework */; };
		8C2B82451FEDD05E000806D6 /* AVFoundation.framework in Frameworks */ = {isa = PBXBuildFile; fileRef = 2B46D6192D740D6A0BC5AE0F /* AVFoundation.framework */; };
		8C2B82461FEDD05E000806D6 /* AVKit.framework in Frameworks */ = {isa = PBXBuildFile; fileRef = CB63DA85C5DCE55EA4403D10 /* AVKit.framework */; };
		8C2B82471FEDD05E000806D6 /* Carbon.framework in Frameworks */ = {isa = PBXBuildFile; fileRef = 79F2E46AC4580A5B8177340D /* Carbon.framework */; };
		8C2B82481FEDD05E000806D6 /* Cocoa.framework in Frameworks */ = {isa = PBXBuildFile; fileRef = E7C6918D26A3F53CAB5733AA /* Cocoa.framework */; };
		8C2B82491FEDD05E000806D6 /* CoreAudio.framework in Frameworks */ = {isa = PBXBuildFile; fileRef = 6DDA1CF819AC6EFBD02E8790 /* CoreAudio.framework */; };
		8C2B824A1FEDD05E000806D6 /* CoreMedia.framework in Frameworks */ = {isa = PBXBuildFile; fileRef = C6066971723DE17B4AF17F32 /* CoreMedia.framework */; };
		8C2B824B1FEDD05E000806D6 /* CoreMIDI.framework in Frameworks */ = {isa = PBXBuildFile; fileRef = 63DDFA663CBF621A09044DBA /* CoreMIDI.framework */; };
		8C2B824C1FEDD05E000806D6 /* DiscRecording.framework in Frameworks */ = {isa = PBXBuildFile; fileRef = 6B75F6F641643A0A74048B39 /* DiscRecording.framework */; };
		8C2B824D1FEDD05E000806D6 /* IOKit.framework in Frameworks */ = {isa = PBXBuildFile; fileRef = 3F8356D91244DBE06056BDF4 /* IOKit.framework */; };
		8C2B824E1FEDD05E000806D6 /* OpenGL.framework in Frameworks */ = {isa = PBXBuildFile; fileRef = B77D023407DB6DE8AAE59290 /* OpenGL.framework */; };
		8C2B824F1FEDD05E000806D6 /* QuartzCore.framework in Frameworks */ = {isa = PBXBuildFile; fileRef = 8E1839C0D8D88D6DAB888DAF /* QuartzCore.framework */; };
		8C2B82501FEDD05E000806D6 /* WebKit.framework in Frameworks */ = {isa = PBXBuildFile; fileRef = 54AFA9634F652F66C3A168D2 /* WebKit.framework */; };
		8C2B82511FEDD05E000806D6 /* RecentFilesMenuTemplate.nib in Resources */ = {isa = PBXBuildFile; fileRef = 774809EF06F096043F8CDC8D /* RecentFilesMenuTemplate.nib */; };
		8C2B82521FEDD05E000806D6 /* Accelerate.framework in Frameworks */ = {isa = PBXBuildFile; fileRef = 6A02FFC8C5ECA89544B68ADB /* Accelerate.framework */; };
		8C2B82531FEDD05E000806D6 /* AudioToolbox.framework in Frameworks */ = {isa = PBXBuildFile; fileRef = CEBBE8EA4E57B22AAD317B06 /* AudioToolbox.framework */; };
		8C2B82541FEDD05E000806D6 /* AVFoundation.framework in Frameworks */ = {isa = PBXBuildFile; fileRef = 2B46D6192D740D6A0BC5AE0F /* AVFoundation.framework */; };
		8C2B82551FEDD05E000806D6 /* AVKit.framework in Frameworks */ = {isa = PBXBuildFile; fileRef = CB63DA85C5DCE55EA4403D10 /* AVKit.framework */; };
		8C2B82561FEDD05E000806D6 /* Carbon.framework in Frameworks */ = {isa = PBXBuildFile; fileRef = 79F2E46AC4580A5B8177340D /* Carbon.framework */; };
		8C2B82571FEDD05E000806D6 /* Cocoa.framework in Frameworks */ = {isa = PBXBuildFile; fileRef = E7C6918D26A3F53CAB5733AA /* Cocoa.framework */; };
		8C2B82581FEDD05E000806D6 /* CoreAudio.framework in Frameworks */ = {isa = PBXBuildFile; fileRef = 6DDA1CF819AC6EFBD02E8790 /* CoreAudio.framework */; };
		8C2B82591FEDD05E000806D6 /* CoreMedia.framework in Frameworks */ = {isa = PBXBuildFile; fileRef = C6066971723DE17B4AF17F32 /* CoreMedia.framework */; };
		8C2B825A1FEDD05E000806D6 /* CoreMIDI.framework in Frameworks */ = {isa = PBXBuildFile; fileRef = 63DDFA663CBF621A09044DBA /* CoreMIDI.framework */; };
		8C2B825B1FEDD05E000806D6 /* DiscRecording.framework in Frameworks */ = {isa = PBXBuildFile; fileRef = 6B75F6F641643A0A74048B39 /* DiscRecording.framework */; };
		8C2B825C1FEDD05E000806D6 /* IOKit.framework in Frameworks */ = {isa = PBXBuildFile; fileRef = 3F8356D91244DBE06056BDF4 /* IOKit.framework */; };
		8C2B825D1FEDD05E000806D6 /* OpenGL.framework in Frameworks */ = {isa = PBXBuildFile; fileRef = B77D023407DB6DE8AAE59290 /* OpenGL.framework */; };
		8C2B825E1FEDD05E000806D6 /* QuartzCore.framework in Frameworks */ = {isa = PBXBuildFile; fileRef = 8E1839C0D8D88D6DAB888DAF /* QuartzCore.framework */; };
		8C2B825F1FEDD05E000806D6 /* WebKit.framework in Frameworks */ = {isa = PBXBuildFile; fileRef = 54AFA9634F652F66C3A168D2 /* WebKit.framework */; };
		8C2B82601FEDD05E000806D6 /* RecentFilesMenuTemplate.nib in Resources */ = {isa = PBXBuildFile; fileRef = 774809EF06F096043F8CDC8D /* RecentFilesMenuTemplate.nib */; };
		8C2B82611FEDD05E000806D6 /* Accelerate.framework in Frameworks */ = {isa = PBXBuildFile; fileRef = 6A02FFC8C5ECA89544B68ADB /* Accelerate.framework */; };
		8C2B82621FEDD05E000806D6 /* AudioToolbox.framework in Frameworks */ = {isa = PBXBuildFile; fileRef = CEBBE8EA4E57B22AAD317B06 /* AudioToolbox.framework */; };
		8C2B82631FEDD05E000806D6 /* AVFoundation.framework in Frameworks */ = {isa = PBXBuildFile; fileRef = 2B46D6192D740D6A0BC5AE0F /* AVFoundation.framework */; };
		8C2B82641FEDD05E000806D6 /* AVKit.framework in Frameworks */ = {isa = PBXBuildFile; fileRef = CB63DA85C5DCE55EA4403D10 /* AVKit.framework */; };
		8C2B82651FEDD05E000806D6 /* Carbon.framework in Frameworks */ = {isa = PBXBuildFile; fileRef = 79F2E46AC4580A5B8177340D /* Carbon.framework */; };
		8C2B82661FEDD05E000806D6 /* Cocoa.framework in Frameworks */ = {isa = PBXBuildFile; fileRef = E7C6918D26A3F53CAB5733AA /* Cocoa.framework */; };
		8C2B82671FEDD05E000806D6 /* CoreAudio.framework in Frameworks */ = {isa = PBXBuildFile; fileRef = 6DDA1CF819AC6EFBD02E8790 /* CoreAudio.framework */; };
		8C2B82681FEDD05E000806D6 /* CoreMedia.framework in Frameworks */ = {isa = PBXBuildFile; fileRef = C6066971723DE17B4AF17F32 /* CoreMedia.framework */; };
		8C2B82691FEDD05E000806D6 /* CoreMIDI.framework in Frameworks */ = {isa = PBXBuildFile; fileRef = 63DDFA663CBF621A09044DBA /* CoreMIDI.framework */; };
		8C2B826A1FEDD05E000806D6 /* DiscRecording.framework in Frameworks */ = {isa = PBXBuildFile; fileRef = 6B75F6F641643A0A74048B39 /* DiscRecording.framework */; };
		8C2B826B1FEDD05E000806D6 /* IOKit.framework in Frameworks */ = {isa = PBXBuildFile; fileRef = 3F8356D91244DBE06056BDF4 /* IOKit.framework */; };
		8C2B826C1FEDD05E000806D6 /* OpenGL.framework in Frameworks */ = {isa = PBXBuildFile; fileRef = B77D023407DB6DE8AAE59290 /* OpenGL.framework */; };
		8C2B826D1FEDD05E000806D6 /* QuartzCore.framework in Frameworks */ = {isa = PBXBuildFile; fileRef = 8E1839C0D8D88D6DAB888DAF /* QuartzCore.framework */; };
		8C2B826E1FEDD05E000806D6 /* WebKit.framework in Frameworks */ = {isa = PBXBuildFile; fileRef = 54AFA9634F652F66C3A168D2 /* WebKit.framework */; };
		8D57F4B10E7ED96B7B16500A /* include_juce_audio_plugin_client_AU_1.mm in Sources */ = {isa = PBXBuildFile; fileRef = 6C6FB00AFE16B077291E9255 /* include_juce_audio_plugin_client_AU_1.mm */; };
		8E4C0C545E358C14EA57C7E5 /* BinaryData.cpp in Sources */ = {isa = PBXBuildFile; fileRef = 6C3D1B3DDBF79DFC3F14A619 /* BinaryData.cpp */; };
		967ADC15D9FEED5A0CCE2A3D /* PluginProcessor.cpp in Sources */ = {isa = PBXBuildFile; fileRef = 5F6C8C6CDA905D1135E3F325 /* PluginProcessor.cpp */; };
		9C432874070277BCFAE41E79 /* include_juce_data_structures.mm in Sources */ = {isa = PBXBuildFile; fileRef = 31FD9BEFEE98C02FDD5E51C6 /* include_juce_data_structures.mm */; };
		9EC9EA23003965FAD1D78883 /* DiscRecording.framework in Frameworks */ = {isa = PBXBuildFile; fileRef = 6B75F6F641643A0A74048B39 /* DiscRecording.framework */; };
		A2260C803FE3B04B0FC0C999 /* include_juce_audio_processors.mm in Sources */ = {isa = PBXBuildFile; fileRef = 57D413B56329ACBBC24D5B5C /* include_juce_audio_processors.mm */; };
		AA0A7AFDB0D75371FAC45383 /* IOKit.framework in Frameworks */ = {isa = PBXBuildFile; fileRef = 3F8356D91244DBE06056BDF4 /* IOKit.framework */; };
		BBC247C34B139F6855F6CE5A /* include_juce_audio_basics.mm in Sources */ = {isa = PBXBuildFile; fileRef = C34B88EACF9AA3BFFA4714F6 /* include_juce_audio_basics.mm */; };
		CAD4D610BF16B74387EC33AD /* Carbon.framework in Frameworks */ = {isa = PBXBuildFile; fileRef = 79F2E46AC4580A5B8177340D /* Carbon.framework */; };
		D34DBF791BDE532801A5D487 /* AudioUnit.framework in Frameworks */ = {isa = PBXBuildFile; fileRef = 7C764E9D5CFFDF9B167450B6 /* AudioUnit.framework */; };
		D7117490A7D0FE628D35FA3A /* PluginEditor.cpp in Sources */ = {isa = PBXBuildFile; fileRef = 389BC1D4AB9D412062628B7D /* PluginEditor.cpp */; };
		DD904260C2A3E39349DEF5A6 /* Accelerate.framework in Frameworks */ = {isa = PBXBuildFile; fileRef = 6A02FFC8C5ECA89544B68ADB /* Accelerate.framework */; };
		E6B00E54DDE81183A5C65721 /* CoreMedia.framework in Frameworks */ = {isa = PBXBuildFile; fileRef = C6066971723DE17B4AF17F32 /* CoreMedia.framework */; };
		ECB3C6283B607733D6B79CC6 /* include_juce_audio_plugin_client_AU_2.mm in Sources */ = {isa = PBXBuildFile; fileRef = F4E678BBAFA6228BEC620240 /* include_juce_audio_plugin_client_AU_2.mm */; };
		EF7240F75FCBC995BFF38E79 /* include_juce_audio_plugin_client_VST3.cpp in Sources */ = {isa = PBXBuildFile; fileRef = B12F599A7CF6154390346570 /* include_juce_audio_plugin_client_VST3.cpp */; };
		EFAEA5B273D38CBAE6FC32A5 /* include_juce_cryptography.mm in Sources */ = {isa = PBXBuildFile; fileRef = D7B43AF973E500336B31F05D /* include_juce_cryptography.mm */; };
		FA67C319C6A82DE172EC62C7 /* include_juce_graphics.mm in Sources */ = {isa = PBXBuildFile; fileRef = 8D66C7E18C844F6A3D390546 /* include_juce_graphics.mm */; };
/* End PBXBuildFile section */

/* Begin PBXContainerItemProxy section */
		8C2B826F1FEDD05E000806D6 /* PBXContainerItemProxy */ = {
			isa = PBXContainerItemProxy;
			containerPortal = 9EE488D4596C81A8A2C89E70 /* Project object */;
			proxyType = 1;
			remoteGlobalIDString = 439B57C9477486B72AB93333;
			remoteInfo = "RISE&FALL - VST";
		};
		8C2B82701FEDD05E000806D6 /* PBXContainerItemProxy */ = {
			isa = PBXContainerItemProxy;
			containerPortal = 9EE488D4596C81A8A2C89E70 /* Project object */;
			proxyType = 1;
			remoteGlobalIDString = CFA89D7649E43DFD9E6D7662;
			remoteInfo = "RISE&FALL - Shared Code";
		};
		8C2B82711FEDD05E000806D6 /* PBXContainerItemProxy */ = {
			isa = PBXContainerItemProxy;
			containerPortal = 9EE488D4596C81A8A2C89E70 /* Project object */;
			proxyType = 1;
			remoteGlobalIDString = D8F4E15F874163738B6EC7EB;
			remoteInfo = "RISE&FALL - VST3";
		};
		8C2B82721FEDD05E000806D6 /* PBXContainerItemProxy */ = {
			isa = PBXContainerItemProxy;
			containerPortal = 9EE488D4596C81A8A2C89E70 /* Project object */;
			proxyType = 1;
			remoteGlobalIDString = 21E7C9357AC299E677978858;
			remoteInfo = "RISE&FALL - AU";
		};
		8C2B82731FEDD05E000806D6 /* PBXContainerItemProxy */ = {
			isa = PBXContainerItemProxy;
			containerPortal = 9EE488D4596C81A8A2C89E70 /* Project object */;
			proxyType = 1;
			remoteGlobalIDString = 10B48B89D2BC6A312E43CC17;
			remoteInfo = "RISE&FALL - Standalone Plugin";
		};
/* End PBXContainerItemProxy section */

/* Begin PBXFileReference section */
		09250E1E2DA0577A840D2239 /* juce_gui_extra */ = {isa = PBXFileReference; lastKnownFileType = folder; name = juce_gui_extra; path = /Users/Barthy/GitHub/VST/JUCE/modules/juce_gui_extra; sourceTree = "<absolute>"; };
		0D73513BB8AE94A937339459 /* CoreAudioKit.framework */ = {isa = PBXFileReference; lastKnownFileType = wrapper.framework; name = CoreAudioKit.framework; path = System/Library/Frameworks/CoreAudioKit.framework; sourceTree = SDKROOT; };
		100B0553845F31B3F8C48B75 /* juce_audio_utils */ = {isa = PBXFileReference; lastKnownFileType = folder; name = juce_audio_utils; path = /Users/Barthy/GitHub/VST/JUCE/modules/juce_audio_utils; sourceTree = "<absolute>"; };
		11CD74B730820A45EDBA40E9 /* Info-AU.plist */ = {isa = PBXFileReference; lastKnownFileType = text.plist.xml; path = "Info-AU.plist"; sourceTree = SOURCE_ROOT; };
		14919308894BEBD43D4D346C /* juce_graphics */ = {isa = PBXFileReference; lastKnownFileType = folder; name = juce_graphics; path = /Users/Barthy/GitHub/VST/JUCE/modules/juce_graphics; sourceTree = "<absolute>"; };
		1A5A7D45451481EDE1C51688 /* juce_opengl */ = {isa = PBXFileReference; lastKnownFileType = folder; name = juce_opengl; path = /Users/Barthy/GitHub/VST/JUCE/modules/juce_opengl; sourceTree = "<absolute>"; };
		2B46D6192D740D6A0BC5AE0F /* AVFoundation.framework */ = {isa = PBXFileReference; lastKnownFileType = wrapper.framework; name = AVFoundation.framework; path = System/Library/Frameworks/AVFoundation.framework; sourceTree = SDKROOT; };
		31FD9BEFEE98C02FDD5E51C6 /* include_juce_data_structures.mm */ = {isa = PBXFileReference; lastKnownFileType = sourcecode.cpp.objcpp; name = include_juce_data_structures.mm; path = ../../JuceLibraryCode/include_juce_data_structures.mm; sourceTree = SOURCE_ROOT; };
		375078B71111B3DD84A49431 /* RISE&FALL.entitlements */ = {isa = PBXFileReference; lastKnownFileType = text.plist.xml; path = "RISE&FALL.entitlements"; sourceTree = SOURCE_ROOT; };
		389BC1D4AB9D412062628B7D /* PluginEditor.cpp */ = {isa = PBXFileReference; lastKnownFileType = sourcecode.cpp.cpp; name = PluginEditor.cpp; path = ../../Source/PluginEditor.cpp; sourceTree = SOURCE_ROOT; };
		3F8356D91244DBE06056BDF4 /* IOKit.framework */ = {isa = PBXFileReference; lastKnownFileType = wrapper.framework; name = IOKit.framework; path = System/Library/Frameworks/IOKit.framework; sourceTree = SDKROOT; };
		4190C9CFA1DEE4019DE0B5E3 /* rise-and-fall.vst3 */ = {isa = PBXFileReference; explicitFileType = wrapper.cfbundle; includeInIndex = 0; path = "rise-and-fall.vst3"; sourceTree = BUILT_PRODUCTS_DIR; };
		41B427EA940FEEA0A3B89E8B /* juce_audio_formats */ = {isa = PBXFileReference; lastKnownFileType = folder; name = juce_audio_formats; path = /Users/Barthy/GitHub/VST/JUCE/modules/juce_audio_formats; sourceTree = "<absolute>"; };
		42FB5AEB8AD9623179C871BB /* Info-VST3.plist */ = {isa = PBXFileReference; lastKnownFileType = text.plist.xml; path = "Info-VST3.plist"; sourceTree = SOURCE_ROOT; };
		477C4055DCCC5D1E6410AC95 /* rise-and-fall.app */ = {isa = PBXFileReference; explicitFileType = wrapper.application; includeInIndex = 0; path = "rise-and-fall.app"; sourceTree = BUILT_PRODUCTS_DIR; };
		501406210487C519F0CED8C4 /* PluginProcessor.h */ = {isa = PBXFileReference; lastKnownFileType = sourcecode.c.h; name = PluginProcessor.h; path = ../../Source/PluginProcessor.h; sourceTree = SOURCE_ROOT; };
		512EE20911A352AE890B7BA9 /* PluginEditor.h */ = {isa = PBXFileReference; lastKnownFileType = sourcecode.c.h; name = PluginEditor.h; path = ../../Source/PluginEditor.h; sourceTree = SOURCE_ROOT; };
		54AFA9634F652F66C3A168D2 /* WebKit.framework */ = {isa = PBXFileReference; lastKnownFileType = wrapper.framework; name = WebKit.framework; path = System/Library/Frameworks/WebKit.framework; sourceTree = SDKROOT; };
		567B6762F58BD7909CAF2DE2 /* include_juce_audio_formats.mm */ = {isa = PBXFileReference; lastKnownFileType = sourcecode.cpp.objcpp; name = include_juce_audio_formats.mm; path = ../../JuceLibraryCode/include_juce_audio_formats.mm; sourceTree = SOURCE_ROOT; };
		57D413B56329ACBBC24D5B5C /* include_juce_audio_processors.mm */ = {isa = PBXFileReference; lastKnownFileType = sourcecode.cpp.objcpp; name = include_juce_audio_processors.mm; path = ../../JuceLibraryCode/include_juce_audio_processors.mm; sourceTree = SOURCE_ROOT; };
		57D4C55EF95983E07E8C193F /* include_juce_audio_plugin_client_Standalone.cpp */ = {isa = PBXFileReference; lastKnownFileType = sourcecode.cpp.cpp; name = include_juce_audio_plugin_client_Standalone.cpp; path = ../../JuceLibraryCode/include_juce_audio_plugin_client_Standalone.cpp; sourceTree = SOURCE_ROOT; };
		59A62F38D0B15A69DD8F3059 /* Info-VST.plist */ = {isa = PBXFileReference; lastKnownFileType = text.plist.xml; path = "Info-VST.plist"; sourceTree = SOURCE_ROOT; };
		5EC0A784A78961B7582008BF /* include_juce_audio_plugin_client_utils.cpp */ = {isa = PBXFileReference; lastKnownFileType = sourcecode.cpp.cpp; name = include_juce_audio_plugin_client_utils.cpp; path = ../../JuceLibraryCode/include_juce_audio_plugin_client_utils.cpp; sourceTree = SOURCE_ROOT; };
		5F6C8C6CDA905D1135E3F325 /* PluginProcessor.cpp */ = {isa = PBXFileReference; lastKnownFileType = sourcecode.cpp.cpp; name = PluginProcessor.cpp; path = ../../Source/PluginProcessor.cpp; sourceTree = SOURCE_ROOT; };
		63DDFA663CBF621A09044DBA /* CoreMIDI.framework */ = {isa = PBXFileReference; lastKnownFileType = wrapper.framework; name = CoreMIDI.framework; path = System/Library/Frameworks/CoreMIDI.framework; sourceTree = SDKROOT; };
		68372C9E80BA02F5EAF90265 /* juce_video */ = {isa = PBXFileReference; lastKnownFileType = folder; name = juce_video; path = /Users/Barthy/GitHub/VST/JUCE/modules/juce_video; sourceTree = "<absolute>"; };
		69FDDCA47B9EF1A2D7E16589 /* juce_gui_basics */ = {isa = PBXFileReference; lastKnownFileType = folder; name = juce_gui_basics; path = /Users/Barthy/GitHub/VST/JUCE/modules/juce_gui_basics; sourceTree = "<absolute>"; };
		6A02FFC8C5ECA89544B68ADB /* Accelerate.framework */ = {isa = PBXFileReference; lastKnownFileType = wrapper.framework; name = Accelerate.framework; path = System/Library/Frameworks/Accelerate.framework; sourceTree = SDKROOT; };
		6B75F6F641643A0A74048B39 /* DiscRecording.framework */ = {isa = PBXFileReference; lastKnownFileType = wrapper.framework; name = DiscRecording.framework; path = System/Library/Frameworks/DiscRecording.framework; sourceTree = SDKROOT; };
		6C3D1B3DDBF79DFC3F14A619 /* BinaryData.cpp */ = {isa = PBXFileReference; lastKnownFileType = sourcecode.cpp.cpp; name = BinaryData.cpp; path = ../../JuceLibraryCode/BinaryData.cpp; sourceTree = SOURCE_ROOT; };
		6C6E72B7E409CE79FDC6E7B6 /* include_juce_gui_basics.mm */ = {isa = PBXFileReference; lastKnownFileType = sourcecode.cpp.objcpp; name = include_juce_gui_basics.mm; path = ../../JuceLibraryCode/include_juce_gui_basics.mm; sourceTree = SOURCE_ROOT; };
		6C6FB00AFE16B077291E9255 /* include_juce_audio_plugin_client_AU_1.mm */ = {isa = PBXFileReference; lastKnownFileType = sourcecode.cpp.objcpp; name = include_juce_audio_plugin_client_AU_1.mm; path = ../../JuceLibraryCode/include_juce_audio_plugin_client_AU_1.mm; sourceTree = SOURCE_ROOT; };
		6DDA1CF819AC6EFBD02E8790 /* CoreAudio.framework */ = {isa = PBXFileReference; lastKnownFileType = wrapper.framework; name = CoreAudio.framework; path = System/Library/Frameworks/CoreAudio.framework; sourceTree = SDKROOT; };
		774809EF06F096043F8CDC8D /* RecentFilesMenuTemplate.nib */ = {isa = PBXFileReference; lastKnownFileType = file.nib; path = RecentFilesMenuTemplate.nib; sourceTree = SOURCE_ROOT; };
		79F2E46AC4580A5B8177340D /* Carbon.framework */ = {isa = PBXFileReference; lastKnownFileType = wrapper.framework; name = Carbon.framework; path = System/Library/Frameworks/Carbon.framework; sourceTree = SDKROOT; };
		7C764E9D5CFFDF9B167450B6 /* AudioUnit.framework */ = {isa = PBXFileReference; lastKnownFileType = wrapper.framework; name = AudioUnit.framework; path = System/Library/Frameworks/AudioUnit.framework; sourceTree = SDKROOT; };
		7C94C4B1AF9D75EEC4F25FF8 /* include_juce_video.mm */ = {isa = PBXFileReference; lastKnownFileType = sourcecode.cpp.objcpp; name = include_juce_video.mm; path = ../../JuceLibraryCode/include_juce_video.mm; sourceTree = SOURCE_ROOT; };
		81F692F61A127993515F4E35 /* JuceHeader.h */ = {isa = PBXFileReference; lastKnownFileType = sourcecode.c.h; name = JuceHeader.h; path = ../../JuceLibraryCode/JuceHeader.h; sourceTree = SOURCE_ROOT; };
		84622EB1EF0342D319446763 /* include_juce_audio_devices.mm */ = {isa = PBXFileReference; lastKnownFileType = sourcecode.cpp.objcpp; name = include_juce_audio_devices.mm; path = ../../JuceLibraryCode/include_juce_audio_devices.mm; sourceTree = SOURCE_ROOT; };
		8C2B82741FEDD2AE000806D6 /* CustomLookAndFeel.hpp */ = {isa = PBXFileReference; fileEncoding = 4; lastKnownFileType = sourcecode.cpp.h; name = CustomLookAndFeel.hpp; path = ../../Source/CustomLookAndFeel.hpp; sourceTree = "<group>"; };
		8D66C7E18C844F6A3D390546 /* include_juce_graphics.mm */ = {isa = PBXFileReference; lastKnownFileType = sourcecode.cpp.objcpp; name = include_juce_graphics.mm; path = ../../JuceLibraryCode/include_juce_graphics.mm; sourceTree = SOURCE_ROOT; };
		8E1839C0D8D88D6DAB888DAF /* QuartzCore.framework */ = {isa = PBXFileReference; lastKnownFileType = wrapper.framework; name = QuartzCore.framework; path = System/Library/Frameworks/QuartzCore.framework; sourceTree = SDKROOT; };
		9A0A1DB43DE240872570D213 /* include_juce_audio_plugin_client_VST2.cpp */ = {isa = PBXFileReference; lastKnownFileType = sourcecode.cpp.cpp; name = include_juce_audio_plugin_client_VST2.cpp; path = ../../JuceLibraryCode/include_juce_audio_plugin_client_VST2.cpp; sourceTree = SOURCE_ROOT; };
		9C473ADD88E33DE200EAF391 /* Info-Standalone_Plugin.plist */ = {isa = PBXFileReference; lastKnownFileType = text.plist.xml; path = "Info-Standalone_Plugin.plist"; sourceTree = SOURCE_ROOT; };
		9CB29AC782E175860F497585 /* juce_events */ = {isa = PBXFileReference; lastKnownFileType = folder; name = juce_events; path = /Users/Barthy/GitHub/VST/JUCE/modules/juce_events; sourceTree = "<absolute>"; };
		9DDB68A8FF8806A499A4B2DA /* include_juce_audio_plugin_client_AU.r */ = {isa = PBXFileReference; lastKnownFileType = file.r; name = include_juce_audio_plugin_client_AU.r; path = ../../JuceLibraryCode/include_juce_audio_plugin_client_AU.r; sourceTree = SOURCE_ROOT; };
		B089A67B468BE0E0F8FBE11C /* include_juce_gui_extra.mm */ = {isa = PBXFileReference; lastKnownFileType = sourcecode.cpp.objcpp; name = include_juce_gui_extra.mm; path = ../../JuceLibraryCode/include_juce_gui_extra.mm; sourceTree = SOURCE_ROOT; };
		B12F599A7CF6154390346570 /* include_juce_audio_plugin_client_VST3.cpp */ = {isa = PBXFileReference; lastKnownFileType = sourcecode.cpp.cpp; name = include_juce_audio_plugin_client_VST3.cpp; path = ../../JuceLibraryCode/include_juce_audio_plugin_client_VST3.cpp; sourceTree = SOURCE_ROOT; };
		B63262AD897914C76167055B /* juce_audio_devices */ = {isa = PBXFileReference; lastKnownFileType = folder; name = juce_audio_devices; path = /Users/Barthy/GitHub/VST/JUCE/modules/juce_audio_devices; sourceTree = "<absolute>"; };
		B77D023407DB6DE8AAE59290 /* OpenGL.framework */ = {isa = PBXFileReference; lastKnownFileType = wrapper.framework; name = OpenGL.framework; path = System/Library/Frameworks/OpenGL.framework; sourceTree = SDKROOT; };
		C34B88EACF9AA3BFFA4714F6 /* include_juce_audio_basics.mm */ = {isa = PBXFileReference; lastKnownFileType = sourcecode.cpp.objcpp; name = include_juce_audio_basics.mm; path = ../../JuceLibraryCode/include_juce_audio_basics.mm; sourceTree = SOURCE_ROOT; };
		C4B062A8ADFECE2D45B39BCA /* juce_audio_processors */ = {isa = PBXFileReference; lastKnownFileType = folder; name = juce_audio_processors; path = /Users/Barthy/GitHub/VST/JUCE/modules/juce_audio_processors; sourceTree = "<absolute>"; };
		C6066971723DE17B4AF17F32 /* CoreMedia.framework */ = {isa = PBXFileReference; lastKnownFileType = wrapper.framework; name = CoreMedia.framework; path = System/Library/Frameworks/CoreMedia.framework; sourceTree = SDKROOT; };
		CA46591ED3C7003EB2E590FE /* include_juce_opengl.mm */ = {isa = PBXFileReference; lastKnownFileType = sourcecode.cpp.objcpp; name = include_juce_opengl.mm; path = ../../JuceLibraryCode/include_juce_opengl.mm; sourceTree = SOURCE_ROOT; };
		CB63DA85C5DCE55EA4403D10 /* AVKit.framework */ = {isa = PBXFileReference; lastKnownFileType = wrapper.framework; name = AVKit.framework; path = System/Library/Frameworks/AVKit.framework; sourceTree = SDKROOT; };
		CEBBE8EA4E57B22AAD317B06 /* AudioToolbox.framework */ = {isa = PBXFileReference; lastKnownFileType = wrapper.framework; name = AudioToolbox.framework; path = System/Library/Frameworks/AudioToolbox.framework; sourceTree = SDKROOT; };
		CF274BA1334758D72A3984DE /* juce_cryptography */ = {isa = PBXFileReference; lastKnownFileType = folder; name = juce_cryptography; path = /Users/Barthy/GitHub/VST/JUCE/modules/juce_cryptography; sourceTree = "<absolute>"; };
		D067C1BE329B2B06FEAB566A /* include_juce_events.mm */ = {isa = PBXFileReference; lastKnownFileType = sourcecode.cpp.objcpp; name = include_juce_events.mm; path = ../../JuceLibraryCode/include_juce_events.mm; sourceTree = SOURCE_ROOT; };
		D14B8B3FF5DC9E1DFAB9B553 /* juce_audio_plugin_client */ = {isa = PBXFileReference; lastKnownFileType = folder; name = juce_audio_plugin_client; path = /Users/Barthy/GitHub/VST/JUCE/modules/juce_audio_plugin_client; sourceTree = "<absolute>"; };
		D4A31CFE1C3A8E027D62D9CC /* BinaryData.h */ = {isa = PBXFileReference; lastKnownFileType = sourcecode.c.h; name = BinaryData.h; path = ../../JuceLibraryCode/BinaryData.h; sourceTree = SOURCE_ROOT; };
		D4B84C3E9BC2283D4D96C807 /* background.png */ = {isa = PBXFileReference; lastKnownFileType = image.png; name = background.png; path = ../../Resources/background.png; sourceTree = SOURCE_ROOT; };
		D781D6C103C3A54E8C5B65A2 /* include_juce_audio_utils.mm */ = {isa = PBXFileReference; lastKnownFileType = sourcecode.cpp.objcpp; name = include_juce_audio_utils.mm; path = ../../JuceLibraryCode/include_juce_audio_utils.mm; sourceTree = SOURCE_ROOT; };
		D7B43AF973E500336B31F05D /* include_juce_cryptography.mm */ = {isa = PBXFileReference; lastKnownFileType = sourcecode.cpp.objcpp; name = include_juce_cryptography.mm; path = ../../JuceLibraryCode/include_juce_cryptography.mm; sourceTree = SOURCE_ROOT; };
		D84F24981431542CCABC3C52 /* include_juce_audio_plugin_client_VST_utils.mm */ = {isa = PBXFileReference; lastKnownFileType = sourcecode.cpp.objcpp; name = include_juce_audio_plugin_client_VST_utils.mm; path = ../../JuceLibraryCode/include_juce_audio_plugin_client_VST_utils.mm; sourceTree = SOURCE_ROOT; };
		D85FA07572736ECE825A3476 /* rise-and-fall.component */ = {isa = PBXFileReference; explicitFileType = wrapper.cfbundle; includeInIndex = 0; path = "rise-and-fall.component"; sourceTree = BUILT_PRODUCTS_DIR; };
		DC09B7D14A63D8AAA6567557 /* include_juce_core.mm */ = {isa = PBXFileReference; lastKnownFileType = sourcecode.cpp.objcpp; name = include_juce_core.mm; path = ../../JuceLibraryCode/include_juce_core.mm; sourceTree = SOURCE_ROOT; };
		E15B4135FCF4A4E0A30135DA /* AppConfig.h */ = {isa = PBXFileReference; lastKnownFileType = sourcecode.c.h; name = AppConfig.h; path = ../../JuceLibraryCode/AppConfig.h; sourceTree = SOURCE_ROOT; };
		E1A46B22754C943BC93769D6 /* juce_core */ = {isa = PBXFileReference; lastKnownFileType = folder; name = juce_core; path = /Users/Barthy/GitHub/VST/JUCE/modules/juce_core; sourceTree = "<absolute>"; };
		E7C6918D26A3F53CAB5733AA /* Cocoa.framework */ = {isa = PBXFileReference; lastKnownFileType = wrapper.framework; name = Cocoa.framework; path = System/Library/Frameworks/Cocoa.framework; sourceTree = SDKROOT; };
		E8D8537A5F84DE07ACCBD3A7 /* juce_data_structures */ = {isa = PBXFileReference; lastKnownFileType = folder; name = juce_data_structures; path = /Users/Barthy/GitHub/VST/JUCE/modules/juce_data_structures; sourceTree = "<absolute>"; };
		E9FEE2B9471D97BA56D43734 /* rise-and-fall.vst */ = {isa = PBXFileReference; explicitFileType = wrapper.cfbundle; includeInIndex = 0; path = "rise-and-fall.vst"; sourceTree = BUILT_PRODUCTS_DIR; };
		F4C46A91C390F23D77A442B0 /* librise-and-fall.a */ = {isa = PBXFileReference; explicitFileType = archive.ar; includeInIndex = 0; path = "librise-and-fall.a"; sourceTree = BUILT_PRODUCTS_DIR; };
		F4E678BBAFA6228BEC620240 /* include_juce_audio_plugin_client_AU_2.mm */ = {isa = PBXFileReference; lastKnownFileType = sourcecode.cpp.objcpp; name = include_juce_audio_plugin_client_AU_2.mm; path = ../../JuceLibraryCode/include_juce_audio_plugin_client_AU_2.mm; sourceTree = SOURCE_ROOT; };
		F60BC0B830E0174CAAA2634F /* juce_audio_basics */ = {isa = PBXFileReference; lastKnownFileType = folder; name = juce_audio_basics; path = /Users/Barthy/GitHub/VST/JUCE/modules/juce_audio_basics; sourceTree = "<absolute>"; };
/* End PBXFileReference section */

/* Begin PBXFrameworksBuildPhase section */
		1D8DEF8E0140DDD40FD56271 /* Frameworks */ = {
			isa = PBXFrameworksBuildPhase;
			buildActionMask = 2147483647;
			files = (
				DD904260C2A3E39349DEF5A6 /* Accelerate.framework in Frameworks */,
				7C97A409181D0191B607A486 /* AudioToolbox.framework in Frameworks */,
				84C423D93EA2715D64F78659 /* AVFoundation.framework in Frameworks */,
				2380EFBD5FFF4C5BD0510C12 /* AVKit.framework in Frameworks */,
				CAD4D610BF16B74387EC33AD /* Carbon.framework in Frameworks */,
				0662F0993C824FFDBBBAE8C1 /* Cocoa.framework in Frameworks */,
				65BA54AAD3DFF7E84C5B861D /* CoreAudio.framework in Frameworks */,
				E6B00E54DDE81183A5C65721 /* CoreMedia.framework in Frameworks */,
				2A0DF1FDEACE62370C14EE1A /* CoreMIDI.framework in Frameworks */,
				9EC9EA23003965FAD1D78883 /* DiscRecording.framework in Frameworks */,
				AA0A7AFDB0D75371FAC45383 /* IOKit.framework in Frameworks */,
				2B94D51AC14A110520917C11 /* OpenGL.framework in Frameworks */,
				82C397A98067A501BC8D7A7D /* QuartzCore.framework in Frameworks */,
				00AE8DE4C3F91CC911E053CC /* WebKit.framework in Frameworks */,
			);
			runOnlyForDeploymentPostprocessing = 0;
		};
		368799858A2CA811E0C5AFF6 /* Frameworks */ = {
			isa = PBXFrameworksBuildPhase;
			buildActionMask = 2147483647;
			files = (
				8C2B82431FEDD05E000806D6 /* Accelerate.framework in Frameworks */,
				8C2B82441FEDD05E000806D6 /* AudioToolbox.framework in Frameworks */,
				8C2B82451FEDD05E000806D6 /* AVFoundation.framework in Frameworks */,
				8C2B82461FEDD05E000806D6 /* AVKit.framework in Frameworks */,
				8C2B82471FEDD05E000806D6 /* Carbon.framework in Frameworks */,
				8C2B82481FEDD05E000806D6 /* Cocoa.framework in Frameworks */,
				8C2B82491FEDD05E000806D6 /* CoreAudio.framework in Frameworks */,
				8C2B824A1FEDD05E000806D6 /* CoreMedia.framework in Frameworks */,
				8C2B824B1FEDD05E000806D6 /* CoreMIDI.framework in Frameworks */,
				8C2B824C1FEDD05E000806D6 /* DiscRecording.framework in Frameworks */,
				8C2B824D1FEDD05E000806D6 /* IOKit.framework in Frameworks */,
				8C2B824E1FEDD05E000806D6 /* OpenGL.framework in Frameworks */,
				8C2B824F1FEDD05E000806D6 /* QuartzCore.framework in Frameworks */,
				8C2B82501FEDD05E000806D6 /* WebKit.framework in Frameworks */,
			);
			runOnlyForDeploymentPostprocessing = 0;
		};
		3CF40D09B61ED0454F43C3E6 /* Frameworks */ = {
			isa = PBXFrameworksBuildPhase;
			buildActionMask = 2147483647;
			files = (
				8C2B82611FEDD05E000806D6 /* Accelerate.framework in Frameworks */,
				8C2B82621FEDD05E000806D6 /* AudioToolbox.framework in Frameworks */,
				8C2B82631FEDD05E000806D6 /* AVFoundation.framework in Frameworks */,
				8C2B82641FEDD05E000806D6 /* AVKit.framework in Frameworks */,
				8C2B82651FEDD05E000806D6 /* Carbon.framework in Frameworks */,
				8C2B82661FEDD05E000806D6 /* Cocoa.framework in Frameworks */,
				8C2B82671FEDD05E000806D6 /* CoreAudio.framework in Frameworks */,
				8C2B82681FEDD05E000806D6 /* CoreMedia.framework in Frameworks */,
				8C2B82691FEDD05E000806D6 /* CoreMIDI.framework in Frameworks */,
				8C2B826A1FEDD05E000806D6 /* DiscRecording.framework in Frameworks */,
				8C2B826B1FEDD05E000806D6 /* IOKit.framework in Frameworks */,
				8C2B826C1FEDD05E000806D6 /* OpenGL.framework in Frameworks */,
				8C2B826D1FEDD05E000806D6 /* QuartzCore.framework in Frameworks */,
				8C2B826E1FEDD05E000806D6 /* WebKit.framework in Frameworks */,
			);
			runOnlyForDeploymentPostprocessing = 0;
		};
		4CE856BF4CEE364D17CD0509 /* Frameworks */ = {
			isa = PBXFrameworksBuildPhase;
			buildActionMask = 2147483647;
			files = (
				8C2B82521FEDD05E000806D6 /* Accelerate.framework in Frameworks */,
				8C2B82531FEDD05E000806D6 /* AudioToolbox.framework in Frameworks */,
				D34DBF791BDE532801A5D487 /* AudioUnit.framework in Frameworks */,
				8C2B82541FEDD05E000806D6 /* AVFoundation.framework in Frameworks */,
				8C2B82551FEDD05E000806D6 /* AVKit.framework in Frameworks */,
				8C2B82561FEDD05E000806D6 /* Carbon.framework in Frameworks */,
				8C2B82571FEDD05E000806D6 /* Cocoa.framework in Frameworks */,
				8C2B82581FEDD05E000806D6 /* CoreAudio.framework in Frameworks */,
				677A6E7F6356BFFCEA0F9C0A /* CoreAudioKit.framework in Frameworks */,
				8C2B82591FEDD05E000806D6 /* CoreMedia.framework in Frameworks */,
				8C2B825A1FEDD05E000806D6 /* CoreMIDI.framework in Frameworks */,
				8C2B825B1FEDD05E000806D6 /* DiscRecording.framework in Frameworks */,
				8C2B825C1FEDD05E000806D6 /* IOKit.framework in Frameworks */,
				8C2B825D1FEDD05E000806D6 /* OpenGL.framework in Frameworks */,
				8C2B825E1FEDD05E000806D6 /* QuartzCore.framework in Frameworks */,
				8C2B825F1FEDD05E000806D6 /* WebKit.framework in Frameworks */,
			);
			runOnlyForDeploymentPostprocessing = 0;
		};
/* End PBXFrameworksBuildPhase section */

/* Begin PBXGroup section */
		07D7EFCF812F671F56173315 /* Resources */ = {
			isa = PBXGroup;
			children = (
				D4B84C3E9BC2283D4D96C807 /* background.png */,
			);
			name = Resources;
			sourceTree = "<group>";
		};
		590D5280A338C177DD26EAEA /* Juce Modules */ = {
			isa = PBXGroup;
			children = (
				F60BC0B830E0174CAAA2634F /* juce_audio_basics */,
				B63262AD897914C76167055B /* juce_audio_devices */,
				41B427EA940FEEA0A3B89E8B /* juce_audio_formats */,
				D14B8B3FF5DC9E1DFAB9B553 /* juce_audio_plugin_client */,
				C4B062A8ADFECE2D45B39BCA /* juce_audio_processors */,
				100B0553845F31B3F8C48B75 /* juce_audio_utils */,
				E1A46B22754C943BC93769D6 /* juce_core */,
				CF274BA1334758D72A3984DE /* juce_cryptography */,
				E8D8537A5F84DE07ACCBD3A7 /* juce_data_structures */,
				9CB29AC782E175860F497585 /* juce_events */,
				14919308894BEBD43D4D346C /* juce_graphics */,
				69FDDCA47B9EF1A2D7E16589 /* juce_gui_basics */,
				09250E1E2DA0577A840D2239 /* juce_gui_extra */,
				1A5A7D45451481EDE1C51688 /* juce_opengl */,
				68372C9E80BA02F5EAF90265 /* juce_video */,
			);
			name = "Juce Modules";
			sourceTree = "<group>";
		};
		603BE0BC8F8D6C32D17254F6 /* Source */ = {
			isa = PBXGroup;
			children = (
				8C2B82741FEDD2AE000806D6 /* CustomLookAndFeel.hpp */,
				5F6C8C6CDA905D1135E3F325 /* PluginProcessor.cpp */,
				501406210487C519F0CED8C4 /* PluginProcessor.h */,
				389BC1D4AB9D412062628B7D /* PluginEditor.cpp */,
				512EE20911A352AE890B7BA9 /* PluginEditor.h */,
			);
			name = Source;
			sourceTree = "<group>";
		};
		7161EEE2EB738C2BE9F1D8C0 /* Source */ = {
			isa = PBXGroup;
			children = (
				375078B71111B3DD84A49431 /* RISE&FALL.entitlements */,
				D4E2C2D93433E4F2FBC6768D /* RISE&FALL */,
				590D5280A338C177DD26EAEA /* Juce Modules */,
				C6FD36D926F7A0901A7A2215 /* Juce Library Code */,
				747E3B9ED60B1EDEA6E4DF0C /* Resources */,
				F9C9567CA906ECA8DCAFB48D /* Frameworks */,
				7490FA4FB4C9BEBF3E360C12 /* Products */,
			);
			name = Source;
			sourceTree = "<group>";
		};
		747E3B9ED60B1EDEA6E4DF0C /* Resources */ = {
			isa = PBXGroup;
			children = (
				59A62F38D0B15A69DD8F3059 /* Info-VST.plist */,
				42FB5AEB8AD9623179C871BB /* Info-VST3.plist */,
				11CD74B730820A45EDBA40E9 /* Info-AU.plist */,
				9C473ADD88E33DE200EAF391 /* Info-Standalone_Plugin.plist */,
				774809EF06F096043F8CDC8D /* RecentFilesMenuTemplate.nib */,
			);
			name = Resources;
			sourceTree = "<group>";
		};
		7490FA4FB4C9BEBF3E360C12 /* Products */ = {
			isa = PBXGroup;
			children = (
				E9FEE2B9471D97BA56D43734 /* rise-and-fall.vst */,
				4190C9CFA1DEE4019DE0B5E3 /* rise-and-fall.vst3 */,
				D85FA07572736ECE825A3476 /* rise-and-fall.component */,
				477C4055DCCC5D1E6410AC95 /* rise-and-fall.app */,
				F4C46A91C390F23D77A442B0 /* librise-and-fall.a */,
			);
			name = Products;
			sourceTree = "<group>";
		};
		C6FD36D926F7A0901A7A2215 /* Juce Library Code */ = {
			isa = PBXGroup;
			children = (
				E15B4135FCF4A4E0A30135DA /* AppConfig.h */,
				6C3D1B3DDBF79DFC3F14A619 /* BinaryData.cpp */,
				D4A31CFE1C3A8E027D62D9CC /* BinaryData.h */,
				C34B88EACF9AA3BFFA4714F6 /* include_juce_audio_basics.mm */,
				84622EB1EF0342D319446763 /* include_juce_audio_devices.mm */,
				567B6762F58BD7909CAF2DE2 /* include_juce_audio_formats.mm */,
				9DDB68A8FF8806A499A4B2DA /* include_juce_audio_plugin_client_AU.r */,
				6C6FB00AFE16B077291E9255 /* include_juce_audio_plugin_client_AU_1.mm */,
				F4E678BBAFA6228BEC620240 /* include_juce_audio_plugin_client_AU_2.mm */,
				57D4C55EF95983E07E8C193F /* include_juce_audio_plugin_client_Standalone.cpp */,
				5EC0A784A78961B7582008BF /* include_juce_audio_plugin_client_utils.cpp */,
				D84F24981431542CCABC3C52 /* include_juce_audio_plugin_client_VST_utils.mm */,
				9A0A1DB43DE240872570D213 /* include_juce_audio_plugin_client_VST2.cpp */,
				B12F599A7CF6154390346570 /* include_juce_audio_plugin_client_VST3.cpp */,
				57D413B56329ACBBC24D5B5C /* include_juce_audio_processors.mm */,
				D781D6C103C3A54E8C5B65A2 /* include_juce_audio_utils.mm */,
				DC09B7D14A63D8AAA6567557 /* include_juce_core.mm */,
				D7B43AF973E500336B31F05D /* include_juce_cryptography.mm */,
				31FD9BEFEE98C02FDD5E51C6 /* include_juce_data_structures.mm */,
				D067C1BE329B2B06FEAB566A /* include_juce_events.mm */,
				8D66C7E18C844F6A3D390546 /* include_juce_graphics.mm */,
				6C6E72B7E409CE79FDC6E7B6 /* include_juce_gui_basics.mm */,
				B089A67B468BE0E0F8FBE11C /* include_juce_gui_extra.mm */,
				CA46591ED3C7003EB2E590FE /* include_juce_opengl.mm */,
				7C94C4B1AF9D75EEC4F25FF8 /* include_juce_video.mm */,
				81F692F61A127993515F4E35 /* JuceHeader.h */,
			);
			name = "Juce Library Code";
			sourceTree = "<group>";
		};
		D4E2C2D93433E4F2FBC6768D /* RISE&FALL */ = {
			isa = PBXGroup;
			children = (
				603BE0BC8F8D6C32D17254F6 /* Source */,
				07D7EFCF812F671F56173315 /* Resources */,
			);
			name = "RISE&FALL";
			sourceTree = "<group>";
		};
		F9C9567CA906ECA8DCAFB48D /* Frameworks */ = {
			isa = PBXGroup;
			children = (
				6A02FFC8C5ECA89544B68ADB /* Accelerate.framework */,
				CEBBE8EA4E57B22AAD317B06 /* AudioToolbox.framework */,
				7C764E9D5CFFDF9B167450B6 /* AudioUnit.framework */,
				2B46D6192D740D6A0BC5AE0F /* AVFoundation.framework */,
				CB63DA85C5DCE55EA4403D10 /* AVKit.framework */,
				79F2E46AC4580A5B8177340D /* Carbon.framework */,
				E7C6918D26A3F53CAB5733AA /* Cocoa.framework */,
				6DDA1CF819AC6EFBD02E8790 /* CoreAudio.framework */,
				0D73513BB8AE94A937339459 /* CoreAudioKit.framework */,
				C6066971723DE17B4AF17F32 /* CoreMedia.framework */,
				63DDFA663CBF621A09044DBA /* CoreMIDI.framework */,
				6B75F6F641643A0A74048B39 /* DiscRecording.framework */,
				3F8356D91244DBE06056BDF4 /* IOKit.framework */,
				B77D023407DB6DE8AAE59290 /* OpenGL.framework */,
				8E1839C0D8D88D6DAB888DAF /* QuartzCore.framework */,
				54AFA9634F652F66C3A168D2 /* WebKit.framework */,
			);
			name = Frameworks;
			sourceTree = "<group>";
		};
/* End PBXGroup section */

/* Begin PBXNativeTarget section */
		10B48B89D2BC6A312E43CC17 /* RISE&FALL - Standalone Plugin */ = {
			isa = PBXNativeTarget;
			buildConfigurationList = 5DB43A615462DD952AF4B0C5 /* Build configuration list for PBXNativeTarget "RISE&FALL - Standalone Plugin" */;
			buildPhases = (
				CE28BC4908ACB6A7B3A9CA19 /* Resources */,
				2FD4ECBBFA419FAFEC0BF20A /* Sources */,
				3CF40D09B61ED0454F43C3E6 /* Frameworks */,
			);
			buildRules = (
			);
			dependencies = (
				130F5BDBA622AD4209DBA69F /* PBXTargetDependency */,
			);
			name = "RISE&FALL - Standalone Plugin";
			productName = "RISE&FALL";
			productReference = 477C4055DCCC5D1E6410AC95 /* rise-and-fall.app */;
			productType = "com.apple.product-type.application";
		};
		21E7C9357AC299E677978858 /* RISE&FALL - AU */ = {
			isa = PBXNativeTarget;
			buildConfigurationList = 4EC564A067E05512B1C12030 /* Build configuration list for PBXNativeTarget "RISE&FALL - AU" */;
			buildPhases = (
				90A3C3268B295085B82B5CD9 /* Resources */,
				E01BD1B392870A85787AFDFA /* Rez */,
				969BBF25285E65610FDA5174 /* Sources */,
				4CE856BF4CEE364D17CD0509 /* Frameworks */,
			);
			buildRules = (
			);
			dependencies = (
				130F5BDBA622AD4209DBA69F /* PBXTargetDependency */,
			);
			name = "RISE&FALL - AU";
			productName = "RISE&FALL";
			productReference = D85FA07572736ECE825A3476 /* rise-and-fall.component */;
			productType = "com.apple.product-type.bundle";
		};
		439B57C9477486B72AB93333 /* RISE&FALL - VST */ = {
			isa = PBXNativeTarget;
			buildConfigurationList = 963AFAD21BF5582CDD653EF4 /* Build configuration list for PBXNativeTarget "RISE&FALL - VST" */;
			buildPhases = (
				1D9B9D1B311859BFF5FFCEA0 /* Resources */,
				AC21E1E7E8FDBDE2EB574F8D /* Sources */,
				1D8DEF8E0140DDD40FD56271 /* Frameworks */,
			);
			buildRules = (
			);
			dependencies = (
				130F5BDBA622AD4209DBA69F /* PBXTargetDependency */,
			);
			name = "RISE&FALL - VST";
			productName = "RISE&FALL";
			productReference = E9FEE2B9471D97BA56D43734 /* rise-and-fall.vst */;
			productType = "com.apple.product-type.bundle";
		};
		CFA89D7649E43DFD9E6D7662 /* RISE&FALL - Shared Code */ = {
			isa = PBXNativeTarget;
			buildConfigurationList = 548F1CDBA6517D97080BA9DA /* Build configuration list for PBXNativeTarget "RISE&FALL - Shared Code" */;
			buildPhases = (
				EA75FB1D9AC42C0363D60680 /* Sources */,
			);
			buildRules = (
			);
			dependencies = (
			);
			name = "RISE&FALL - Shared Code";
			productName = "RISE&FALL";
			productReference = F4C46A91C390F23D77A442B0 /* librise-and-fall.a */;
			productType = "com.apple.product-type.library.static";
		};
		D8F4E15F874163738B6EC7EB /* RISE&FALL - VST3 */ = {
			isa = PBXNativeTarget;
			buildConfigurationList = 28E19FE0B77D9E0B76A30E3B /* Build configuration list for PBXNativeTarget "RISE&FALL - VST3" */;
			buildPhases = (
				8E18F4D41D5D49DE27165A32 /* Resources */,
				8F565BEA868B48AA84E2AE02 /* Sources */,
				368799858A2CA811E0C5AFF6 /* Frameworks */,
			);
			buildRules = (
			);
			dependencies = (
				130F5BDBA622AD4209DBA69F /* PBXTargetDependency */,
			);
			name = "RISE&FALL - VST3";
			productName = "RISE&FALL";
			productReference = 4190C9CFA1DEE4019DE0B5E3 /* rise-and-fall.vst3 */;
			productType = "com.apple.product-type.bundle";
		};
/* End PBXNativeTarget section */

/* Begin PBXProject section */
		9EE488D4596C81A8A2C89E70 /* Project object */ = {
			isa = PBXProject;
			attributes = {
				LastUpgradeCheck = 0830;
				TargetAttributes = {
					10B48B89D2BC6A312E43CC17 = {
						SystemCapabilities = {
							com.apple.ApplicationGroups.iOS = {
								enabled = 0;
							};
							com.apple.InAppPurchase = {
								enabled = 0;
							};
							com.apple.InterAppAudio = {
								enabled = 0;
							};
							com.apple.Push = {
								enabled = 0;
							};
							com.apple.Sandbox = {
								enabled = 0;
							};
						};
					};
					21E7C9357AC299E677978858 = {
						SystemCapabilities = {
							com.apple.ApplicationGroups.iOS = {
								enabled = 0;
							};
							com.apple.InAppPurchase = {
								enabled = 0;
							};
							com.apple.InterAppAudio = {
								enabled = 0;
							};
							com.apple.Push = {
								enabled = 0;
							};
							com.apple.Sandbox = {
								enabled = 0;
							};
						};
					};
					439B57C9477486B72AB93333 = {
						SystemCapabilities = {
							com.apple.ApplicationGroups.iOS = {
								enabled = 0;
							};
							com.apple.InAppPurchase = {
								enabled = 0;
							};
							com.apple.InterAppAudio = {
								enabled = 0;
							};
							com.apple.Push = {
								enabled = 0;
							};
							com.apple.Sandbox = {
								enabled = 0;
							};
						};
					};
					CFA89D7649E43DFD9E6D7662 = {
						SystemCapabilities = {
							com.apple.ApplicationGroups.iOS = {
								enabled = 0;
							};
							com.apple.InAppPurchase = {
								enabled = 0;
							};
							com.apple.InterAppAudio = {
								enabled = 0;
							};
							com.apple.Push = {
								enabled = 0;
							};
							com.apple.Sandbox = {
								enabled = 0;
							};
						};
					};
					D8F4E15F874163738B6EC7EB = {
						SystemCapabilities = {
							com.apple.ApplicationGroups.iOS = {
								enabled = 0;
							};
							com.apple.InAppPurchase = {
								enabled = 0;
							};
							com.apple.InterAppAudio = {
								enabled = 0;
							};
							com.apple.Push = {
								enabled = 0;
							};
							com.apple.Sandbox = {
								enabled = 0;
							};
						};
					};
					FB3FACA17199A0E3B9D35A04 = {
						SystemCapabilities = {
							com.apple.ApplicationGroups.iOS = {
								enabled = 0;
							};
							com.apple.InAppPurchase = {
								enabled = 0;
							};
							com.apple.InterAppAudio = {
								enabled = 0;
							};
							com.apple.Push = {
								enabled = 0;
							};
							com.apple.Sandbox = {
								enabled = 0;
							};
						};
					};
				};
			};
			buildConfigurationList = ADDC63C83C45894C3AC31EC6 /* Build configuration list for PBXProject "RISE&FALL" */;
			compatibilityVersion = "Xcode 3.2";
			developmentRegion = en;
			hasScannedForEncodings = 0;
			knownRegions = (
				en,
			);
			mainGroup = 7161EEE2EB738C2BE9F1D8C0 /* Source */;
			projectDirPath = "";
			projectRoot = "";
			targets = (
				FB3FACA17199A0E3B9D35A04 /* RISE&FALL - All */,
				439B57C9477486B72AB93333 /* RISE&FALL - VST */,
				D8F4E15F874163738B6EC7EB /* RISE&FALL - VST3 */,
				21E7C9357AC299E677978858 /* RISE&FALL - AU */,
				10B48B89D2BC6A312E43CC17 /* RISE&FALL - Standalone Plugin */,
				CFA89D7649E43DFD9E6D7662 /* RISE&FALL - Shared Code */,
			);
		};
/* End PBXProject section */

/* Begin PBXResourcesBuildPhase section */
		1D9B9D1B311859BFF5FFCEA0 /* Resources */ = {
			isa = PBXResourcesBuildPhase;
			buildActionMask = 2147483647;
			files = (
				6B54AE266961EC4DD0CCB49E /* RecentFilesMenuTemplate.nib in Resources */,
			);
			runOnlyForDeploymentPostprocessing = 0;
		};
		8E18F4D41D5D49DE27165A32 /* Resources */ = {
			isa = PBXResourcesBuildPhase;
			buildActionMask = 2147483647;
			files = (
				8C2B82421FEDD05E000806D6 /* RecentFilesMenuTemplate.nib in Resources */,
			);
			runOnlyForDeploymentPostprocessing = 0;
		};
		90A3C3268B295085B82B5CD9 /* Resources */ = {
			isa = PBXResourcesBuildPhase;
			buildActionMask = 2147483647;
			files = (
				8C2B82511FEDD05E000806D6 /* RecentFilesMenuTemplate.nib in Resources */,
			);
			runOnlyForDeploymentPostprocessing = 0;
		};
		CE28BC4908ACB6A7B3A9CA19 /* Resources */ = {
			isa = PBXResourcesBuildPhase;
			buildActionMask = 2147483647;
			files = (
				8C2B82601FEDD05E000806D6 /* RecentFilesMenuTemplate.nib in Resources */,
			);
			runOnlyForDeploymentPostprocessing = 0;
		};
/* End PBXResourcesBuildPhase section */

/* Begin PBXRezBuildPhase section */
		E01BD1B392870A85787AFDFA /* Rez */ = {
			isa = PBXRezBuildPhase;
			buildActionMask = 2147483647;
			files = (
				5E333CEFE9CDDF018E976598 /* include_juce_audio_plugin_client_AU.r in Rez */,
			);
			runOnlyForDeploymentPostprocessing = 0;
		};
/* End PBXRezBuildPhase section */

/* Begin PBXSourcesBuildPhase section */
		2FD4ECBBFA419FAFEC0BF20A /* Sources */ = {
			isa = PBXSourcesBuildPhase;
			buildActionMask = 2147483647;
			files = (
				0A0F2AE248AD541C024CEFF8 /* include_juce_audio_plugin_client_Standalone.cpp in Sources */,
			);
			runOnlyForDeploymentPostprocessing = 0;
		};
		8F565BEA868B48AA84E2AE02 /* Sources */ = {
			isa = PBXSourcesBuildPhase;
			buildActionMask = 2147483647;
			files = (
				EF7240F75FCBC995BFF38E79 /* include_juce_audio_plugin_client_VST3.cpp in Sources */,
			);
			runOnlyForDeploymentPostprocessing = 0;
		};
		969BBF25285E65610FDA5174 /* Sources */ = {
			isa = PBXSourcesBuildPhase;
			buildActionMask = 2147483647;
			files = (
				8D57F4B10E7ED96B7B16500A /* include_juce_audio_plugin_client_AU_1.mm in Sources */,
				ECB3C6283B607733D6B79CC6 /* include_juce_audio_plugin_client_AU_2.mm in Sources */,
			);
			runOnlyForDeploymentPostprocessing = 0;
		};
		AC21E1E7E8FDBDE2EB574F8D /* Sources */ = {
			isa = PBXSourcesBuildPhase;
			buildActionMask = 2147483647;
			files = (
				30235B6C36C526D1F6154C3E /* include_juce_audio_plugin_client_VST2.cpp in Sources */,
			);
			runOnlyForDeploymentPostprocessing = 0;
		};
		EA75FB1D9AC42C0363D60680 /* Sources */ = {
			isa = PBXSourcesBuildPhase;
			buildActionMask = 2147483647;
			files = (
				967ADC15D9FEED5A0CCE2A3D /* PluginProcessor.cpp in Sources */,
				D7117490A7D0FE628D35FA3A /* PluginEditor.cpp in Sources */,
				77C21FF0BC5A8927409E920B /* background.png in Sources */,
				8E4C0C545E358C14EA57C7E5 /* BinaryData.cpp in Sources */,
				BBC247C34B139F6855F6CE5A /* include_juce_audio_basics.mm in Sources */,
				4F04E77966F9EA1152C43550 /* include_juce_audio_devices.mm in Sources */,
				8B730D63E892CC9B49E7B07A /* include_juce_audio_formats.mm in Sources */,
				75AD762367D5F773CED8F68C /* include_juce_audio_plugin_client_utils.cpp in Sources */,
				101CC6E001293D38EC83DB76 /* include_juce_audio_plugin_client_VST_utils.mm in Sources */,
				A2260C803FE3B04B0FC0C999 /* include_juce_audio_processors.mm in Sources */,
				73E25766B99FAD069A4DA06D /* include_juce_audio_utils.mm in Sources */,
				7E13E4D3C58EB950B6C14915 /* include_juce_core.mm in Sources */,
				EFAEA5B273D38CBAE6FC32A5 /* include_juce_cryptography.mm in Sources */,
				9C432874070277BCFAE41E79 /* include_juce_data_structures.mm in Sources */,
				65B242A84FF50C39F0CEC5BA /* include_juce_events.mm in Sources */,
				FA67C319C6A82DE172EC62C7 /* include_juce_graphics.mm in Sources */,
				61BD176816B6B31AAD949622 /* include_juce_gui_basics.mm in Sources */,
				675399A33E5E8BB7B2CCF8F2 /* include_juce_gui_extra.mm in Sources */,
				475FBE6CDF1C11922F3021DA /* include_juce_opengl.mm in Sources */,
				746A7FA4621DF81A28F1AFA5 /* include_juce_video.mm in Sources */,
			);
			runOnlyForDeploymentPostprocessing = 0;
		};
/* End PBXSourcesBuildPhase section */

/* Begin PBXTargetDependency section */
		130F5BDBA622AD4209DBA69F /* PBXTargetDependency */ = {
			isa = PBXTargetDependency;
			target = CFA89D7649E43DFD9E6D7662 /* RISE&FALL - Shared Code */;
			targetProxy = 8C2B82701FEDD05E000806D6 /* PBXContainerItemProxy */;
		};
		29FA8B9EC12413AD7F3E15AC /* PBXTargetDependency */ = {
			isa = PBXTargetDependency;
			target = 439B57C9477486B72AB93333 /* RISE&FALL - VST */;
			targetProxy = 8C2B826F1FEDD05E000806D6 /* PBXContainerItemProxy */;
		};
		556B24AD1E5555DAD10EC51A /* PBXTargetDependency */ = {
			isa = PBXTargetDependency;
			target = 10B48B89D2BC6A312E43CC17 /* RISE&FALL - Standalone Plugin */;
			targetProxy = 8C2B82731FEDD05E000806D6 /* PBXContainerItemProxy */;
		};
		6782CB1F3CE5ECC54C0BE30B /* PBXTargetDependency */ = {
			isa = PBXTargetDependency;
			target = D8F4E15F874163738B6EC7EB /* RISE&FALL - VST3 */;
			targetProxy = 8C2B82711FEDD05E000806D6 /* PBXContainerItemProxy */;
		};
		A1158279707365CCD728960A /* PBXTargetDependency */ = {
			isa = PBXTargetDependency;
			target = 21E7C9357AC299E677978858 /* RISE&FALL - AU */;
			targetProxy = 8C2B82721FEDD05E000806D6 /* PBXContainerItemProxy */;
		};
/* End PBXTargetDependency section */

/* Begin XCBuildConfiguration section */
		267DD0E50A668594D5DBE4CF /* Debug */ = {
			isa = XCBuildConfiguration;
			buildSettings = {
				CLANG_CXX_LANGUAGE_STANDARD = "c++11";
				CLANG_LINK_OBJC_RUNTIME = NO;
				COMBINE_HIDPI_IMAGES = YES;
				CONFIGURATION_BUILD_DIR = "$(PROJECT_DIR)/build/$(CONFIGURATION)";
				COPY_PHASE_STRIP = NO;
				DEPLOYMENT_LOCATION = YES;
				DSTROOT = /;
				GCC_DYNAMIC_NO_PIC = NO;
				GCC_OPTIMIZATION_LEVEL = 0;
				GCC_PREPROCESSOR_DEFINITIONS = (
					"_DEBUG=1",
					"DEBUG=1",
					"JUCER_XCODE_MAC_F6D2F4CF=1",
					"JUCE_APP_VERSION=1.0.0",
					"JUCE_APP_VERSION_HEX=0x10000",
					"JucePlugin_Build_VST=1",
					"JucePlugin_Build_VST3=0",
					"JucePlugin_Build_AU=0",
					"JucePlugin_Build_AUv3=0",
					"JucePlugin_Build_RTAS=0",
					"JucePlugin_Build_AAX=0",
					"JucePlugin_Build_Standalone=0",
				);
				GCC_VERSION = com.apple.compilers.llvm.clang.1_0;
				GENERATE_PKGINFO_FILE = YES;
				HEADER_SEARCH_PATHS = (
					/Users/Barthy/GitHub/VST/VST_SDK/VST3_SDK_3_6_8,
					../../JuceLibraryCode,
					/Users/Barthy/GitHub/VST/JUCE/modules,
					/Users/Barthy/GitHub/VST/JUCE/modules/juce_audio_plugin_client,
					"$(inherited)",
				);
				INFOPLIST_FILE = "Info-VST.plist";
				INFOPLIST_PREPROCESS = NO;
				INSTALL_PATH = "$(HOME)/Library/Audio/Plug-Ins/VST/";
				LIBRARY_STYLE = Bundle;
				MACOSX_DEPLOYMENT_TARGET = 10.11;
				MACOSX_DEPLOYMENT_TARGET_ppc = 10.4;
				OTHER_LDFLAGS = (
					"-bundle",
					"-lrise-and-fall",
				);
				PRODUCT_BUNDLE_IDENTIFIER = koeln.barthy.riseandfall;
				SDKROOT_ppc = macosx10.5;
				USE_HEADERMAP = NO;
				WRAPPER_EXTENSION = vst;
			};
			name = Debug;
		};
		3659144F97915933AFE4FA13 /* Debug */ = {
			isa = XCBuildConfiguration;
			buildSettings = {
				ALWAYS_SEARCH_USER_PATHS = NO;
				CLANG_WARN_BLOCK_CAPTURE_AUTORELEASING = YES;
				CLANG_WARN_BOOL_CONVERSION = YES;
				CLANG_WARN_COMMA = YES;
				CLANG_WARN_CONSTANT_CONVERSION = YES;
				CLANG_WARN_EMPTY_BODY = YES;
				CLANG_WARN_ENUM_CONVERSION = YES;
				CLANG_WARN_INFINITE_RECURSION = YES;
				CLANG_WARN_INT_CONVERSION = YES;
				CLANG_WARN_NON_LITERAL_NULL_CONVERSION = YES;
				CLANG_WARN_OBJC_LITERAL_CONVERSION = YES;
				CLANG_WARN_RANGE_LOOP_ANALYSIS = YES;
				CLANG_WARN_STRICT_PROTOTYPES = YES;
				CLANG_WARN_SUSPICIOUS_MOVE = YES;
				CLANG_WARN_UNREACHABLE_CODE = YES;
				CLANG_WARN__DUPLICATE_METHOD_MATCH = YES;
				DEBUG_INFORMATION_FORMAT = dwarf;
				ENABLE_STRICT_OBJC_MSGSEND = YES;
				ENABLE_TESTABILITY = YES;
				GCC_C_LANGUAGE_STANDARD = c11;
				GCC_INLINES_ARE_PRIVATE_EXTERN = YES;
				GCC_MODEL_TUNING = G5;
				GCC_NO_COMMON_BLOCKS = YES;
				GCC_WARN_64_TO_32_BIT_CONVERSION = YES;
				GCC_WARN_ABOUT_RETURN_TYPE = YES;
				GCC_WARN_CHECK_SWITCH_STATEMENTS = YES;
				GCC_WARN_MISSING_PARENTHESES = YES;
				GCC_WARN_NON_VIRTUAL_DESTRUCTOR = YES;
				GCC_WARN_TYPECHECK_CALLS_TO_PRINTF = YES;
				GCC_WARN_UNDECLARED_SELECTOR = YES;
				GCC_WARN_UNINITIALIZED_AUTOS = YES;
				GCC_WARN_UNUSED_FUNCTION = YES;
				GCC_WARN_UNUSED_VARIABLE = YES;
				ONLY_ACTIVE_ARCH = YES;
				PRODUCT_NAME = "rise-and-fall";
				WARNING_CFLAGS = "-Wreorder";
				ZERO_LINK = NO;
			};
			name = Debug;
		};
		4DD498C07371880FBF94554D /* Release */ = {
			isa = XCBuildConfiguration;
			buildSettings = {
				CLANG_CXX_LANGUAGE_STANDARD = "c++11";
				CLANG_LINK_OBJC_RUNTIME = NO;
				COMBINE_HIDPI_IMAGES = YES;
				CONFIGURATION_BUILD_DIR = "$(PROJECT_DIR)/build/$(CONFIGURATION)";
				DEAD_CODE_STRIPPING = YES;
				DEPLOYMENT_LOCATION = YES;
				DSTROOT = /;
				GCC_GENERATE_DEBUGGING_SYMBOLS = NO;
				GCC_OPTIMIZATION_LEVEL = 3;
				GCC_PREPROCESSOR_DEFINITIONS = (
					"_NDEBUG=1",
					"NDEBUG=1",
					"JUCER_XCODE_MAC_F6D2F4CF=1",
					"JUCE_APP_VERSION=1.0.0",
					"JUCE_APP_VERSION_HEX=0x10000",
					"JucePlugin_Build_VST=1",
					"JucePlugin_Build_VST3=0",
					"JucePlugin_Build_AU=0",
					"JucePlugin_Build_AUv3=0",
					"JucePlugin_Build_RTAS=0",
					"JucePlugin_Build_AAX=0",
					"JucePlugin_Build_Standalone=0",
				);
				GCC_SYMBOLS_PRIVATE_EXTERN = YES;
				GCC_VERSION = com.apple.compilers.llvm.clang.1_0;
				GENERATE_PKGINFO_FILE = YES;
				HEADER_SEARCH_PATHS = (
					/Users/Barthy/GitHub/VST/VST_SDK/VST3_SDK_3_6_8,
					../../JuceLibraryCode,
					/Users/Barthy/GitHub/VST/JUCE/modules,
					/Users/Barthy/GitHub/VST/JUCE/modules/juce_audio_plugin_client,
					"$(inherited)",
				);
				INFOPLIST_FILE = "Info-VST.plist";
				INFOPLIST_PREPROCESS = NO;
				INSTALL_PATH = "$(HOME)/Library/Audio/Plug-Ins/VST/";
				LIBRARY_STYLE = Bundle;
				LLVM_LTO = YES;
				MACOSX_DEPLOYMENT_TARGET = 10.11;
				MACOSX_DEPLOYMENT_TARGET_ppc = 10.4;
				OTHER_LDFLAGS = (
					"-bundle",
					"-lrise-and-fall",
				);
				PRODUCT_BUNDLE_IDENTIFIER = koeln.barthy.riseandfall;
				SDKROOT_ppc = macosx10.5;
				USE_HEADERMAP = NO;
				WRAPPER_EXTENSION = vst;
			};
			name = Release;
		};
		8748A6A77F7FBECA3D499400 /* Release */ = {
			isa = XCBuildConfiguration;
			buildSettings = {
				MACOSX_DEPLOYMENT_TARGET = 10.11;
			};
			name = Release;
		};
		9D4711A6F27F78CF9572ADA4 /* Debug */ = {
			isa = XCBuildConfiguration;
			buildSettings = {
				CLANG_CXX_LANGUAGE_STANDARD = "c++11";
				CLANG_LINK_OBJC_RUNTIME = NO;
				COMBINE_HIDPI_IMAGES = YES;
				CONFIGURATION_BUILD_DIR = "$(PROJECT_DIR)/build/$(CONFIGURATION)";
				COPY_PHASE_STRIP = NO;
				DEPLOYMENT_LOCATION = YES;
				DSTROOT = /;
				GCC_DYNAMIC_NO_PIC = NO;
				GCC_OPTIMIZATION_LEVEL = 0;
				GCC_PREPROCESSOR_DEFINITIONS = (
					"_DEBUG=1",
					"DEBUG=1",
					"JUCER_XCODE_MAC_F6D2F4CF=1",
					"JUCE_APP_VERSION=1.0.0",
					"JUCE_APP_VERSION_HEX=0x10000",
					"JucePlugin_Build_VST=0",
					"JucePlugin_Build_VST3=0",
					"JucePlugin_Build_AU=1",
					"JucePlugin_Build_AUv3=0",
					"JucePlugin_Build_RTAS=0",
					"JucePlugin_Build_AAX=0",
					"JucePlugin_Build_Standalone=0",
				);
				GCC_VERSION = com.apple.compilers.llvm.clang.1_0;
				GENERATE_PKGINFO_FILE = YES;
				HEADER_SEARCH_PATHS = (
					/Users/Barthy/GitHub/VST/VST_SDK/VST3_SDK_3_6_8,
					../../JuceLibraryCode,
					/Users/Barthy/GitHub/VST/JUCE/modules,
					/Users/Barthy/GitHub/VST/JUCE/modules/juce_audio_plugin_client,
					"$(inherited)",
				);
				INFOPLIST_FILE = "Info-AU.plist";
				INFOPLIST_PREPROCESS = NO;
				INSTALL_PATH = "$(HOME)/Library/Audio/Plug-Ins/Components/";
				LIBRARY_STYLE = Bundle;
				MACOSX_DEPLOYMENT_TARGET = 10.11;
				MACOSX_DEPLOYMENT_TARGET_ppc = 10.4;
				OTHER_LDFLAGS = (
					"-bundle",
					"-lrise-and-fall",
				);
				OTHER_REZFLAGS = "-d ppc_$ppc -d i386_$i386 -d ppc64_$ppc64 -d x86_64_$x86_64 -I /System/Library/Frameworks/CoreServices.framework/Frameworks/CarbonCore.framework/Versions/A/Headers -I \"$(DEVELOPER_DIR)/Extras/CoreAudio/AudioUnits/AUPublic/AUBase\"";
				PRODUCT_BUNDLE_IDENTIFIER = koeln.barthy.riseandfall;
				SDKROOT_ppc = macosx10.5;
				USE_HEADERMAP = NO;
				WRAPPER_EXTENSION = component;
			};
			name = Debug;
		};
		A09E5017C5FB59289035D05F /* Debug */ = {
			isa = XCBuildConfiguration;
			buildSettings = {
				CLANG_CXX_LANGUAGE_STANDARD = "c++11";
				CLANG_LINK_OBJC_RUNTIME = NO;
				COMBINE_HIDPI_IMAGES = YES;
				CONFIGURATION_BUILD_DIR = "$(PROJECT_DIR)/build/$(CONFIGURATION)";
				COPY_PHASE_STRIP = NO;
				GCC_DYNAMIC_NO_PIC = NO;
				GCC_OPTIMIZATION_LEVEL = 0;
				GCC_PREPROCESSOR_DEFINITIONS = (
					"_DEBUG=1",
					"DEBUG=1",
					"JUCER_XCODE_MAC_F6D2F4CF=1",
					"JUCE_APP_VERSION=1.0.0",
					"JUCE_APP_VERSION_HEX=0x10000",
					"JucePlugin_Build_VST=0",
					"JucePlugin_Build_VST3=0",
					"JucePlugin_Build_AU=0",
					"JucePlugin_Build_AUv3=0",
					"JucePlugin_Build_RTAS=0",
					"JucePlugin_Build_AAX=0",
					"JucePlugin_Build_Standalone=1",
				);
				GCC_VERSION = com.apple.compilers.llvm.clang.1_0;
				HEADER_SEARCH_PATHS = (
					/Users/Barthy/GitHub/VST/VST_SDK/VST3_SDK_3_6_8,
					../../JuceLibraryCode,
					/Users/Barthy/GitHub/VST/JUCE/modules,
					/Users/Barthy/GitHub/VST/JUCE/modules/juce_audio_plugin_client,
					"$(inherited)",
				);
				INFOPLIST_FILE = "Info-Standalone_Plugin.plist";
				INFOPLIST_PREPROCESS = NO;
				MACOSX_DEPLOYMENT_TARGET = 10.11;
				MACOSX_DEPLOYMENT_TARGET_ppc = 10.4;
				OTHER_LDFLAGS = "-lrise-and-fall";
				PRODUCT_BUNDLE_IDENTIFIER = koeln.barthy.riseandfall;
				SDKROOT_ppc = macosx10.5;
				USE_HEADERMAP = NO;
			};
			name = Debug;
		};
		B8E75B7D9315A8A30A035560 /* Release */ = {
			isa = XCBuildConfiguration;
			buildSettings = {
				CLANG_CXX_LANGUAGE_STANDARD = "c++11";
				CLANG_LINK_OBJC_RUNTIME = NO;
				COMBINE_HIDPI_IMAGES = YES;
				CONFIGURATION_BUILD_DIR = "$(PROJECT_DIR)/build/$(CONFIGURATION)";
				DEAD_CODE_STRIPPING = YES;
				GCC_GENERATE_DEBUGGING_SYMBOLS = NO;
				GCC_OPTIMIZATION_LEVEL = 3;
				GCC_PREPROCESSOR_DEFINITIONS = (
					"_NDEBUG=1",
					"NDEBUG=1",
					"JUCER_XCODE_MAC_F6D2F4CF=1",
					"JUCE_APP_VERSION=1.0.0",
					"JUCE_APP_VERSION_HEX=0x10000",
					"JucePlugin_Build_VST=1",
					"JucePlugin_Build_VST3=1",
					"JucePlugin_Build_AU=1",
					"JucePlugin_Build_AUv3=0",
					"JucePlugin_Build_RTAS=0",
					"JucePlugin_Build_AAX=0",
					"JucePlugin_Build_Standalone=1",
					"JUCE_SHARED_CODE=1",
				);
				GCC_SYMBOLS_PRIVATE_EXTERN = YES;
				GCC_VERSION = com.apple.compilers.llvm.clang.1_0;
				HEADER_SEARCH_PATHS = (
					/Users/Barthy/GitHub/VST/VST_SDK/VST3_SDK_3_6_8,
					../../JuceLibraryCode,
					/Users/Barthy/GitHub/VST/JUCE/modules,
					/Users/Barthy/GitHub/VST/JUCE/modules/juce_audio_plugin_client,
					"$(inherited)",
				);
				INSTALL_PATH = "@executable_path/../Frameworks";
				LLVM_LTO = YES;
				MACOSX_DEPLOYMENT_TARGET = 10.11;
				MACOSX_DEPLOYMENT_TARGET_ppc = 10.4;
				PRODUCT_BUNDLE_IDENTIFIER = koeln.barthy.riseandfall;
				SDKROOT_ppc = macosx10.5;
				USE_HEADERMAP = NO;
			};
			name = Release;
		};
		BE982A4BABFEED6B5C0ED56C /* Release */ = {
			isa = XCBuildConfiguration;
			buildSettings = {
				ALWAYS_SEARCH_USER_PATHS = NO;
				CLANG_WARN_BLOCK_CAPTURE_AUTORELEASING = YES;
				CLANG_WARN_BOOL_CONVERSION = YES;
				CLANG_WARN_COMMA = YES;
				CLANG_WARN_CONSTANT_CONVERSION = YES;
				CLANG_WARN_EMPTY_BODY = YES;
				CLANG_WARN_ENUM_CONVERSION = YES;
				CLANG_WARN_INFINITE_RECURSION = YES;
				CLANG_WARN_INT_CONVERSION = YES;
				CLANG_WARN_NON_LITERAL_NULL_CONVERSION = YES;
				CLANG_WARN_OBJC_LITERAL_CONVERSION = YES;
				CLANG_WARN_RANGE_LOOP_ANALYSIS = YES;
				CLANG_WARN_STRICT_PROTOTYPES = YES;
				CLANG_WARN_SUSPICIOUS_MOVE = YES;
				CLANG_WARN_UNREACHABLE_CODE = YES;
				CLANG_WARN__DUPLICATE_METHOD_MATCH = YES;
				DEBUG_INFORMATION_FORMAT = dwarf;
				ENABLE_STRICT_OBJC_MSGSEND = YES;
				GCC_C_LANGUAGE_STANDARD = c11;
				GCC_INLINES_ARE_PRIVATE_EXTERN = YES;
				GCC_MODEL_TUNING = G5;
				GCC_NO_COMMON_BLOCKS = YES;
				GCC_WARN_64_TO_32_BIT_CONVERSION = YES;
				GCC_WARN_ABOUT_RETURN_TYPE = YES;
				GCC_WARN_CHECK_SWITCH_STATEMENTS = YES;
				GCC_WARN_MISSING_PARENTHESES = YES;
				GCC_WARN_NON_VIRTUAL_DESTRUCTOR = YES;
				GCC_WARN_TYPECHECK_CALLS_TO_PRINTF = YES;
				GCC_WARN_UNDECLARED_SELECTOR = YES;
				GCC_WARN_UNINITIALIZED_AUTOS = YES;
				GCC_WARN_UNUSED_FUNCTION = YES;
				GCC_WARN_UNUSED_VARIABLE = YES;
				PRODUCT_NAME = "rise-and-fall";
				WARNING_CFLAGS = "-Wreorder";
				ZERO_LINK = NO;
			};
			name = Release;
		};
		D11F6168424622223C60CAD1 /* Debug */ = {
			isa = XCBuildConfiguration;
			buildSettings = {
				CLANG_CXX_LANGUAGE_STANDARD = "c++11";
				CLANG_LINK_OBJC_RUNTIME = NO;
				COMBINE_HIDPI_IMAGES = YES;
				CONFIGURATION_BUILD_DIR = "$(PROJECT_DIR)/build/$(CONFIGURATION)";
				COPY_PHASE_STRIP = NO;
				GCC_DYNAMIC_NO_PIC = NO;
				GCC_OPTIMIZATION_LEVEL = 0;
				GCC_PREPROCESSOR_DEFINITIONS = (
					"_DEBUG=1",
					"DEBUG=1",
					"JUCER_XCODE_MAC_F6D2F4CF=1",
					"JUCE_APP_VERSION=1.0.0",
					"JUCE_APP_VERSION_HEX=0x10000",
					"JucePlugin_Build_VST=1",
					"JucePlugin_Build_VST3=1",
					"JucePlugin_Build_AU=1",
					"JucePlugin_Build_AUv3=0",
					"JucePlugin_Build_RTAS=0",
					"JucePlugin_Build_AAX=0",
					"JucePlugin_Build_Standalone=1",
					"JUCE_SHARED_CODE=1",
				);
				GCC_VERSION = com.apple.compilers.llvm.clang.1_0;
				HEADER_SEARCH_PATHS = (
					/Users/Barthy/GitHub/VST/VST_SDK/VST3_SDK_3_6_8,
					../../JuceLibraryCode,
					/Users/Barthy/GitHub/VST/JUCE/modules,
					/Users/Barthy/GitHub/VST/JUCE/modules/juce_audio_plugin_client,
					"$(inherited)",
				);
				INSTALL_PATH = "@executable_path/../Frameworks";
				MACOSX_DEPLOYMENT_TARGET = 10.11;
				MACOSX_DEPLOYMENT_TARGET_ppc = 10.4;
				PRODUCT_BUNDLE_IDENTIFIER = koeln.barthy.riseandfall;
				SDKROOT_ppc = macosx10.5;
				USE_HEADERMAP = NO;
			};
			name = Debug;
		};
		E549A09A748C6BFDAE5014D1 /* Debug */ = {
			isa = XCBuildConfiguration;
			buildSettings = {
				CLANG_CXX_LANGUAGE_STANDARD = "c++11";
				CLANG_LINK_OBJC_RUNTIME = NO;
				COMBINE_HIDPI_IMAGES = YES;
				CONFIGURATION_BUILD_DIR = "$(PROJECT_DIR)/build/$(CONFIGURATION)";
				COPY_PHASE_STRIP = NO;
				DEPLOYMENT_LOCATION = YES;
				DSTROOT = /;
				GCC_DYNAMIC_NO_PIC = NO;
				GCC_OPTIMIZATION_LEVEL = 0;
				GCC_PREPROCESSOR_DEFINITIONS = (
					"_DEBUG=1",
					"DEBUG=1",
					"JUCER_XCODE_MAC_F6D2F4CF=1",
					"JUCE_APP_VERSION=1.0.0",
					"JUCE_APP_VERSION_HEX=0x10000",
					"JucePlugin_Build_VST=0",
					"JucePlugin_Build_VST3=1",
					"JucePlugin_Build_AU=0",
					"JucePlugin_Build_AUv3=0",
					"JucePlugin_Build_RTAS=0",
					"JucePlugin_Build_AAX=0",
					"JucePlugin_Build_Standalone=0",
				);
				GCC_VERSION = com.apple.compilers.llvm.clang.1_0;
				GENERATE_PKGINFO_FILE = YES;
				HEADER_SEARCH_PATHS = (
					/Users/Barthy/GitHub/VST/VST_SDK/VST3_SDK_3_6_8,
					../../JuceLibraryCode,
					/Users/Barthy/GitHub/VST/JUCE/modules,
					/Users/Barthy/GitHub/VST/JUCE/modules/juce_audio_plugin_client,
					"$(inherited)",
				);
				INFOPLIST_FILE = "Info-VST3.plist";
				INFOPLIST_PREPROCESS = NO;
				INSTALL_PATH = "$(HOME)/Library/Audio/Plug-Ins/VST3/";
				LIBRARY_STYLE = Bundle;
				MACOSX_DEPLOYMENT_TARGET = 10.11;
				MACOSX_DEPLOYMENT_TARGET_ppc = 10.4;
				OTHER_LDFLAGS = (
					"-bundle",
					"-lrise-and-fall",
				);
				PRODUCT_BUNDLE_IDENTIFIER = koeln.barthy.riseandfall;
				SDKROOT_ppc = macosx10.5;
				USE_HEADERMAP = NO;
				WRAPPER_EXTENSION = vst3;
			};
			name = Debug;
		};
		EA4133282764FED01A169F87 /* Release */ = {
			isa = XCBuildConfiguration;
			buildSettings = {
				CLANG_CXX_LANGUAGE_STANDARD = "c++11";
				CLANG_LINK_OBJC_RUNTIME = NO;
				COMBINE_HIDPI_IMAGES = YES;
				CONFIGURATION_BUILD_DIR = "$(PROJECT_DIR)/build/$(CONFIGURATION)";
				DEAD_CODE_STRIPPING = YES;
				DEPLOYMENT_LOCATION = YES;
				DSTROOT = /;
				GCC_GENERATE_DEBUGGING_SYMBOLS = NO;
				GCC_OPTIMIZATION_LEVEL = 3;
				GCC_PREPROCESSOR_DEFINITIONS = (
					"_NDEBUG=1",
					"NDEBUG=1",
					"JUCER_XCODE_MAC_F6D2F4CF=1",
					"JUCE_APP_VERSION=1.0.0",
					"JUCE_APP_VERSION_HEX=0x10000",
					"JucePlugin_Build_VST=0",
					"JucePlugin_Build_VST3=1",
					"JucePlugin_Build_AU=0",
					"JucePlugin_Build_AUv3=0",
					"JucePlugin_Build_RTAS=0",
					"JucePlugin_Build_AAX=0",
					"JucePlugin_Build_Standalone=0",
				);
				GCC_SYMBOLS_PRIVATE_EXTERN = YES;
				GCC_VERSION = com.apple.compilers.llvm.clang.1_0;
				GENERATE_PKGINFO_FILE = YES;
				HEADER_SEARCH_PATHS = (
					/Users/Barthy/GitHub/VST/VST_SDK/VST3_SDK_3_6_8,
					../../JuceLibraryCode,
					/Users/Barthy/GitHub/VST/JUCE/modules,
					/Users/Barthy/GitHub/VST/JUCE/modules/juce_audio_plugin_client,
					"$(inherited)",
				);
				INFOPLIST_FILE = "Info-VST3.plist";
				INFOPLIST_PREPROCESS = NO;
				INSTALL_PATH = "$(HOME)/Library/Audio/Plug-Ins/VST3/";
				LIBRARY_STYLE = Bundle;
				LLVM_LTO = YES;
				MACOSX_DEPLOYMENT_TARGET = 10.11;
				MACOSX_DEPLOYMENT_TARGET_ppc = 10.4;
				OTHER_LDFLAGS = (
					"-bundle",
					"-lrise-and-fall",
				);
				PRODUCT_BUNDLE_IDENTIFIER = koeln.barthy.riseandfall;
				SDKROOT_ppc = macosx10.5;
				USE_HEADERMAP = NO;
				WRAPPER_EXTENSION = vst3;
			};
			name = Release;
		};
		F1246388308E1500CD66698C /* Release */ = {
			isa = XCBuildConfiguration;
			buildSettings = {
				CLANG_CXX_LANGUAGE_STANDARD = "c++11";
				CLANG_LINK_OBJC_RUNTIME = NO;
				COMBINE_HIDPI_IMAGES = YES;
				CONFIGURATION_BUILD_DIR = "$(PROJECT_DIR)/build/$(CONFIGURATION)";
				DEAD_CODE_STRIPPING = YES;
				DEPLOYMENT_LOCATION = YES;
				DSTROOT = /;
				GCC_GENERATE_DEBUGGING_SYMBOLS = NO;
				GCC_OPTIMIZATION_LEVEL = 3;
				GCC_PREPROCESSOR_DEFINITIONS = (
					"_NDEBUG=1",
					"NDEBUG=1",
					"JUCER_XCODE_MAC_F6D2F4CF=1",
					"JUCE_APP_VERSION=1.0.0",
					"JUCE_APP_VERSION_HEX=0x10000",
					"JucePlugin_Build_VST=0",
					"JucePlugin_Build_VST3=0",
					"JucePlugin_Build_AU=1",
					"JucePlugin_Build_AUv3=0",
					"JucePlugin_Build_RTAS=0",
					"JucePlugin_Build_AAX=0",
					"JucePlugin_Build_Standalone=0",
				);
				GCC_SYMBOLS_PRIVATE_EXTERN = YES;
				GCC_VERSION = com.apple.compilers.llvm.clang.1_0;
				GENERATE_PKGINFO_FILE = YES;
				HEADER_SEARCH_PATHS = (
					/Users/Barthy/GitHub/VST/VST_SDK/VST3_SDK_3_6_8,
					../../JuceLibraryCode,
					/Users/Barthy/GitHub/VST/JUCE/modules,
					/Users/Barthy/GitHub/VST/JUCE/modules/juce_audio_plugin_client,
					"$(inherited)",
				);
				INFOPLIST_FILE = "Info-AU.plist";
				INFOPLIST_PREPROCESS = NO;
				INSTALL_PATH = "$(HOME)/Library/Audio/Plug-Ins/Components/";
				LIBRARY_STYLE = Bundle;
				LLVM_LTO = YES;
				MACOSX_DEPLOYMENT_TARGET = 10.11;
				MACOSX_DEPLOYMENT_TARGET_ppc = 10.4;
				OTHER_LDFLAGS = (
					"-bundle",
					"-lrise-and-fall",
				);
				OTHER_REZFLAGS = "-d ppc_$ppc -d i386_$i386 -d ppc64_$ppc64 -d x86_64_$x86_64 -I /System/Library/Frameworks/CoreServices.framework/Frameworks/CarbonCore.framework/Versions/A/Headers -I \"$(DEVELOPER_DIR)/Extras/CoreAudio/AudioUnits/AUPublic/AUBase\"";
				PRODUCT_BUNDLE_IDENTIFIER = koeln.barthy.riseandfall;
				SDKROOT_ppc = macosx10.5;
				USE_HEADERMAP = NO;
				WRAPPER_EXTENSION = component;
			};
			name = Release;
		};
		F4214D9D0B8953B6A5323DB1 /* Debug */ = {
			isa = XCBuildConfiguration;
			buildSettings = {
				MACOSX_DEPLOYMENT_TARGET = 10.11;
			};
			name = Debug;
		};
		F822D031C7091817E1750911 /* Release */ = {
			isa = XCBuildConfiguration;
			buildSettings = {
				CLANG_CXX_LANGUAGE_STANDARD = "c++11";
				CLANG_LINK_OBJC_RUNTIME = NO;
				COMBINE_HIDPI_IMAGES = YES;
				CONFIGURATION_BUILD_DIR = "$(PROJECT_DIR)/build/$(CONFIGURATION)";
				DEAD_CODE_STRIPPING = YES;
				GCC_GENERATE_DEBUGGING_SYMBOLS = NO;
				GCC_OPTIMIZATION_LEVEL = 3;
				GCC_PREPROCESSOR_DEFINITIONS = (
					"_NDEBUG=1",
					"NDEBUG=1",
					"JUCER_XCODE_MAC_F6D2F4CF=1",
					"JUCE_APP_VERSION=1.0.0",
					"JUCE_APP_VERSION_HEX=0x10000",
					"JucePlugin_Build_VST=0",
					"JucePlugin_Build_VST3=0",
					"JucePlugin_Build_AU=0",
					"JucePlugin_Build_AUv3=0",
					"JucePlugin_Build_RTAS=0",
					"JucePlugin_Build_AAX=0",
					"JucePlugin_Build_Standalone=1",
				);
				GCC_SYMBOLS_PRIVATE_EXTERN = YES;
				GCC_VERSION = com.apple.compilers.llvm.clang.1_0;
				HEADER_SEARCH_PATHS = (
					/Users/Barthy/GitHub/VST/VST_SDK/VST3_SDK_3_6_8,
					../../JuceLibraryCode,
					/Users/Barthy/GitHub/VST/JUCE/modules,
					/Users/Barthy/GitHub/VST/JUCE/modules/juce_audio_plugin_client,
					"$(inherited)",
				);
				INFOPLIST_FILE = "Info-Standalone_Plugin.plist";
				INFOPLIST_PREPROCESS = NO;
				LLVM_LTO = YES;
				MACOSX_DEPLOYMENT_TARGET = 10.11;
				MACOSX_DEPLOYMENT_TARGET_ppc = 10.4;
				OTHER_LDFLAGS = "-lrise-and-fall";
				PRODUCT_BUNDLE_IDENTIFIER = koeln.barthy.riseandfall;
				SDKROOT_ppc = macosx10.5;
				USE_HEADERMAP = NO;
			};
			name = Release;
		};
/* End XCBuildConfiguration section */

/* Begin XCConfigurationList section */
		28E19FE0B77D9E0B76A30E3B /* Build configuration list for PBXNativeTarget "RISE&FALL - VST3" */ = {
			isa = XCConfigurationList;
			buildConfigurations = (
				E549A09A748C6BFDAE5014D1 /* Debug */,
				EA4133282764FED01A169F87 /* Release */,
			);
			defaultConfigurationIsVisible = 0;
			defaultConfigurationName = Debug;
		};
		4EC564A067E05512B1C12030 /* Build configuration list for PBXNativeTarget "RISE&FALL - AU" */ = {
			isa = XCConfigurationList;
			buildConfigurations = (
				9D4711A6F27F78CF9572ADA4 /* Debug */,
				F1246388308E1500CD66698C /* Release */,
			);
			defaultConfigurationIsVisible = 0;
			defaultConfigurationName = Debug;
		};
		548F1CDBA6517D97080BA9DA /* Build configuration list for PBXNativeTarget "RISE&FALL - Shared Code" */ = {
			isa = XCConfigurationList;
			buildConfigurations = (
				D11F6168424622223C60CAD1 /* Debug */,
				B8E75B7D9315A8A30A035560 /* Release */,
			);
			defaultConfigurationIsVisible = 0;
			defaultConfigurationName = Debug;
		};
		5DB43A615462DD952AF4B0C5 /* Build configuration list for PBXNativeTarget "RISE&FALL - Standalone Plugin" */ = {
			isa = XCConfigurationList;
			buildConfigurations = (
				A09E5017C5FB59289035D05F /* Debug */,
				F822D031C7091817E1750911 /* Release */,
			);
			defaultConfigurationIsVisible = 0;
			defaultConfigurationName = Debug;
		};
		963AFAD21BF5582CDD653EF4 /* Build configuration list for PBXNativeTarget "RISE&FALL - VST" */ = {
			isa = XCConfigurationList;
			buildConfigurations = (
				267DD0E50A668594D5DBE4CF /* Debug */,
				4DD498C07371880FBF94554D /* Release */,
			);
			defaultConfigurationIsVisible = 0;
			defaultConfigurationName = Debug;
		};
		ADDC63C83C45894C3AC31EC6 /* Build configuration list for PBXProject "RISE&FALL" */ = {
			isa = XCConfigurationList;
			buildConfigurations = (
				3659144F97915933AFE4FA13 /* Debug */,
				BE982A4BABFEED6B5C0ED56C /* Release */,
			);
			defaultConfigurationIsVisible = 0;
			defaultConfigurationName = Debug;
		};
		CAEEAC45B1865DB9C58B2EEC /* Build configuration list for PBXAggregateTarget "RISE&FALL - All" */ = {
			isa = XCConfigurationList;
			buildConfigurations = (
				F4214D9D0B8953B6A5323DB1 /* Debug */,
				8748A6A77F7FBECA3D499400 /* Release */,
			);
			defaultConfigurationIsVisible = 0;
			defaultConfigurationName = Debug;
		};
/* End XCConfigurationList section */
	};
	rootObject = 9EE488D4596C81A8A2C89E70 /* Project object */;
}
